// !$*UTF8*$!
{
	archiveVersion = 1;
	classes = {
	};
	objectVersion = 50;
	objects = {

/* Begin PBXBuildFile section */
		D6B9E58827AE1516006D70C3 /* AppDelegate.swift in Sources */ = {isa = PBXBuildFile; fileRef = D6B9E58727AE1516006D70C3 /* AppDelegate.swift */; };
		D6B9E58A27AE1516006D70C3 /* SceneDelegate.swift in Sources */ = {isa = PBXBuildFile; fileRef = D6B9E58927AE1516006D70C3 /* SceneDelegate.swift */; };
		D6B9E58C27AE1516006D70C3 /* ViewController.swift in Sources */ = {isa = PBXBuildFile; fileRef = D6B9E58B27AE1516006D70C3 /* ViewController.swift */; };
		D6B9E58F27AE1516006D70C3 /* Main.storyboard in Resources */ = {isa = PBXBuildFile; fileRef = D6B9E58D27AE1516006D70C3 /* Main.storyboard */; };
		D6B9E59127AE1516006D70C3 /* Assets.xcassets in Resources */ = {isa = PBXBuildFile; fileRef = D6B9E59027AE1516006D70C3 /* Assets.xcassets */; };
		D6B9E59427AE1516006D70C3 /* LaunchScreen.storyboard in Resources */ = {isa = PBXBuildFile; fileRef = D6B9E59227AE1516006D70C3 /* LaunchScreen.storyboard */; };
		D6B9E59F27AE1517006D70C3 /* testTests.swift in Sources */ = {isa = PBXBuildFile; fileRef = D6B9E59E27AE1517006D70C3 /* testTests.swift */; };
		D6B9E5AA27AE1517006D70C3 /* testUITests.swift in Sources */ = {isa = PBXBuildFile; fileRef = D6B9E5A927AE1517006D70C3 /* testUITests.swift */; };
/* End PBXBuildFile section */

/* Begin PBXContainerItemProxy section */
		D6B9E59B27AE1517006D70C3 /* PBXContainerItemProxy */ = {
			isa = PBXContainerItemProxy;
			containerPortal = D6B9E57C27AE1516006D70C3 /* Project object */;
			proxyType = 1;
			remoteGlobalIDString = D6B9E58327AE1516006D70C3;
			remoteInfo = test;
		};
		D6B9E5A627AE1517006D70C3 /* PBXContainerItemProxy */ = {
			isa = PBXContainerItemProxy;
			containerPortal = D6B9E57C27AE1516006D70C3 /* Project object */;
			proxyType = 1;
			remoteGlobalIDString = D6B9E58327AE1516006D70C3;
			remoteInfo = test;
		};
/* End PBXContainerItemProxy section */

/* Begin PBXFileReference section */
		D6B9E58427AE1516006D70C3 /* test.app */ = {isa = PBXFileReference; explicitFileType = wrapper.application; includeInIndex = 0; path = test.app; sourceTree = BUILT_PRODUCTS_DIR; };
		D6B9E58727AE1516006D70C3 /* AppDelegate.swift */ = {isa = PBXFileReference; lastKnownFileType = sourcecode.swift; path = AppDelegate.swift; sourceTree = "<group>"; };
		D6B9E58927AE1516006D70C3 /* SceneDelegate.swift */ = {isa = PBXFileReference; lastKnownFileType = sourcecode.swift; path = SceneDelegate.swift; sourceTree = "<group>"; };
		D6B9E58B27AE1516006D70C3 /* ViewController.swift */ = {isa = PBXFileReference; lastKnownFileType = sourcecode.swift; path = ViewController.swift; sourceTree = "<group>"; };
		D6B9E58E27AE1516006D70C3 /* Base */ = {isa = PBXFileReference; lastKnownFileType = file.storyboard; name = Base; path = Base.lproj/Main.storyboard; sourceTree = "<group>"; };
		D6B9E59027AE1516006D70C3 /* Assets.xcassets */ = {isa = PBXFileReference; lastKnownFileType = folder.assetcatalog; path = Assets.xcassets; sourceTree = "<group>"; };
		D6B9E59327AE1516006D70C3 /* Base */ = {isa = PBXFileReference; lastKnownFileType = file.storyboard; name = Base; path = Base.lproj/LaunchScreen.storyboard; sourceTree = "<group>"; };
		D6B9E59527AE1516006D70C3 /* Info.plist */ = {isa = PBXFileReference; lastKnownFileType = text.plist.xml; path = Info.plist; sourceTree = "<group>"; };
		D6B9E59A27AE1517006D70C3 /* testTests.xctest */ = {isa = PBXFileReference; explicitFileType = wrapper.cfbundle; includeInIndex = 0; path = testTests.xctest; sourceTree = BUILT_PRODUCTS_DIR; };
		D6B9E59E27AE1517006D70C3 /* testTests.swift */ = {isa = PBXFileReference; lastKnownFileType = sourcecode.swift; path = testTests.swift; sourceTree = "<group>"; };
		D6B9E5A027AE1517006D70C3 /* Info.plist */ = {isa = PBXFileReference; lastKnownFileType = text.plist.xml; path = Info.plist; sourceTree = "<group>"; };
		D6B9E5A527AE1517006D70C3 /* testUITests.xctest */ = {isa = PBXFileReference; explicitFileType = wrapper.cfbundle; includeInIndex = 0; path = testUITests.xctest; sourceTree = BUILT_PRODUCTS_DIR; };
		D6B9E5A927AE1517006D70C3 /* testUITests.swift */ = {isa = PBXFileReference; lastKnownFileType = sourcecode.swift; path = testUITests.swift; sourceTree = "<group>"; };
		D6B9E5AB27AE1517006D70C3 /* Info.plist */ = {isa = PBXFileReference; lastKnownFileType = text.plist.xml; path = Info.plist; sourceTree = "<group>"; };
/* End PBXFileReference section */

/* Begin PBXFrameworksBuildPhase section */
		D6B9E58127AE1516006D70C3 /* Frameworks */ = {
			isa = PBXFrameworksBuildPhase;
			buildActionMask = 2147483647;
			files = (
			);
			runOnlyForDeploymentPostprocessing = 0;
		};
		D6B9E59727AE1517006D70C3 /* Frameworks */ = {
			isa = PBXFrameworksBuildPhase;
			buildActionMask = 2147483647;
			files = (
			);
			runOnlyForDeploymentPostprocessing = 0;
		};
		D6B9E5A227AE1517006D70C3 /* Frameworks */ = {
			isa = PBXFrameworksBuildPhase;
			buildActionMask = 2147483647;
			files = (
			);
			runOnlyForDeploymentPostprocessing = 0;
		};
/* End PBXFrameworksBuildPhase section */

/* Begin PBXGroup section */
		D6B9E57B27AE1516006D70C3 = {
			isa = PBXGroup;
			children = (
				D6B9E58627AE1516006D70C3 /* test */,
				D6B9E59D27AE1517006D70C3 /* testTests */,
				D6B9E5A827AE1517006D70C3 /* testUITests */,
				D6B9E58527AE1516006D70C3 /* Products */,
			);
			sourceTree = "<group>";
		};
		D6B9E58527AE1516006D70C3 /* Products */ = {
			isa = PBXGroup;
			children = (
				D6B9E58427AE1516006D70C3 /* test.app */,
				D6B9E59A27AE1517006D70C3 /* testTests.xctest */,
				D6B9E5A527AE1517006D70C3 /* testUITests.xctest */,
			);
			name = Products;
			sourceTree = "<group>";
		};
		D6B9E58627AE1516006D70C3 /* test */ = {
			isa = PBXGroup;
			children = (
				D6B9E58727AE1516006D70C3 /* AppDelegate.swift */,
				D6B9E58927AE1516006D70C3 /* SceneDelegate.swift */,
				D6B9E58B27AE1516006D70C3 /* ViewController.swift */,
				D6B9E58D27AE1516006D70C3 /* Main.storyboard */,
				D6B9E59027AE1516006D70C3 /* Assets.xcassets */,
				D6B9E59227AE1516006D70C3 /* LaunchScreen.storyboard */,
				D6B9E59527AE1516006D70C3 /* Info.plist */,
			);
			path = test;
			sourceTree = "<group>";
		};
		D6B9E59D27AE1517006D70C3 /* testTests */ = {
			isa = PBXGroup;
			children = (
				D6B9E59E27AE1517006D70C3 /* testTests.swift */,
				D6B9E5A027AE1517006D70C3 /* Info.plist */,
			);
			path = testTests;
			sourceTree = "<group>";
		};
		D6B9E5A827AE1517006D70C3 /* testUITests */ = {
			isa = PBXGroup;
			children = (
				D6B9E5A927AE1517006D70C3 /* testUITests.swift */,
				D6B9E5AB27AE1517006D70C3 /* Info.plist */,
			);
			path = testUITests;
			sourceTree = "<group>";
		};
/* End PBXGroup section */

/* Begin PBXNativeTarget section */
		D6B9E58327AE1516006D70C3 /* test */ = {
			isa = PBXNativeTarget;
			buildConfigurationList = D6B9E5AE27AE1517006D70C3 /* Build configuration list for PBXNativeTarget "test" */;
			buildPhases = (
				D6B9E58027AE1516006D70C3 /* Sources */,
				D6B9E58127AE1516006D70C3 /* Frameworks */,
				D6B9E58227AE1516006D70C3 /* Resources */,
			);
			buildRules = (
			);
			dependencies = (
			);
			name = test;
			productName = test;
			productReference = D6B9E58427AE1516006D70C3 /* test.app */;
			productType = "com.apple.product-type.application";
		};
		D6B9E59927AE1517006D70C3 /* testTests */ = {
			isa = PBXNativeTarget;
			buildConfigurationList = D6B9E5B127AE1517006D70C3 /* Build configuration list for PBXNativeTarget "testTests" */;
			buildPhases = (
				D6B9E59627AE1517006D70C3 /* Sources */,
				D6B9E59727AE1517006D70C3 /* Frameworks */,
				D6B9E59827AE1517006D70C3 /* Resources */,
			);
			buildRules = (
			);
			dependencies = (
				D6B9E59C27AE1517006D70C3 /* PBXTargetDependency */,
			);
			name = testTests;
			productName = testTests;
			productReference = D6B9E59A27AE1517006D70C3 /* testTests.xctest */;
			productType = "com.apple.product-type.bundle.unit-test";
		};
		D6B9E5A427AE1517006D70C3 /* testUITests */ = {
			isa = PBXNativeTarget;
			buildConfigurationList = D6B9E5B427AE1517006D70C3 /* Build configuration list for PBXNativeTarget "testUITests" */;
			buildPhases = (
				D6B9E5A127AE1517006D70C3 /* Sources */,
				D6B9E5A227AE1517006D70C3 /* Frameworks */,
				D6B9E5A327AE1517006D70C3 /* Resources */,
			);
			buildRules = (
			);
			dependencies = (
				D6B9E5A727AE1517006D70C3 /* PBXTargetDependency */,
			);
			name = testUITests;
			productName = testUITests;
			productReference = D6B9E5A527AE1517006D70C3 /* testUITests.xctest */;
			productType = "com.apple.product-type.bundle.ui-testing";
		};
/* End PBXNativeTarget section */

/* Begin PBXProject section */
		D6B9E57C27AE1516006D70C3 /* Project object */ = {
			isa = PBXProject;
			attributes = {
				LastSwiftUpdateCheck = 1240;
				LastUpgradeCheck = 1240;
				TargetAttributes = {
					D6B9E58327AE1516006D70C3 = {
						CreatedOnToolsVersion = 12.4;
					};
					D6B9E59927AE1517006D70C3 = {
						CreatedOnToolsVersion = 12.4;
						TestTargetID = D6B9E58327AE1516006D70C3;
					};
					D6B9E5A427AE1517006D70C3 = {
						CreatedOnToolsVersion = 12.4;
						TestTargetID = D6B9E58327AE1516006D70C3;
					};
				};
			};
			buildConfigurationList = D6B9E57F27AE1516006D70C3 /* Build configuration list for PBXProject "test" */;
			compatibilityVersion = "Xcode 9.3";
			developmentRegion = en;
			hasScannedForEncodings = 0;
			knownRegions = (
				en,
				Base,
			);
			mainGroup = D6B9E57B27AE1516006D70C3;
			productRefGroup = D6B9E58527AE1516006D70C3 /* Products */;
			projectDirPath = "";
			projectRoot = "";
			targets = (
				D6B9E58327AE1516006D70C3 /* test */,
				D6B9E59927AE1517006D70C3 /* testTests */,
				D6B9E5A427AE1517006D70C3 /* testUITests */,
			);
		};
/* End PBXProject section */

/* Begin PBXResourcesBuildPhase section */
		D6B9E58227AE1516006D70C3 /* Resources */ = {
			isa = PBXResourcesBuildPhase;
			buildActionMask = 2147483647;
			files = (
				D6B9E59427AE1516006D70C3 /* LaunchScreen.storyboard in Resources */,
				D6B9E59127AE1516006D70C3 /* Assets.xcassets in Resources */,
				D6B9E58F27AE1516006D70C3 /* Main.storyboard in Resources */,
			);
			runOnlyForDeploymentPostprocessing = 0;
		};
		D6B9E59827AE1517006D70C3 /* Resources */ = {
			isa = PBXResourcesBuildPhase;
			buildActionMask = 2147483647;
			files = (
			);
			runOnlyForDeploymentPostprocessing = 0;
		};
		D6B9E5A327AE1517006D70C3 /* Resources */ = {
			isa = PBXResourcesBuildPhase;
			buildActionMask = 2147483647;
			files = (
			);
			runOnlyForDeploymentPostprocessing = 0;
		};
/* End PBXResourcesBuildPhase section */

/* Begin PBXSourcesBuildPhase section */
		D6B9E58027AE1516006D70C3 /* Sources */ = {
			isa = PBXSourcesBuildPhase;
			buildActionMask = 2147483647;
			files = (
				D6B9E58C27AE1516006D70C3 /* ViewController.swift in Sources */,
				D6B9E58827AE1516006D70C3 /* AppDelegate.swift in Sources */,
				D6B9E58A27AE1516006D70C3 /* SceneDelegate.swift in Sources */,
			);
			runOnlyForDeploymentPostprocessing = 0;
		};
		D6B9E59627AE1517006D70C3 /* Sources */ = {
			isa = PBXSourcesBuildPhase;
			buildActionMask = 2147483647;
			files = (
				D6B9E59F27AE1517006D70C3 /* testTests.swift in Sources */,
			);
			runOnlyForDeploymentPostprocessing = 0;
		};
		D6B9E5A127AE1517006D70C3 /* Sources */ = {
			isa = PBXSourcesBuildPhase;
			buildActionMask = 2147483647;
			files = (
				D6B9E5AA27AE1517006D70C3 /* testUITests.swift in Sources */,
			);
			runOnlyForDeploymentPostprocessing = 0;
		};
/* End PBXSourcesBuildPhase section */

/* Begin PBXTargetDependency section */
		D6B9E59C27AE1517006D70C3 /* PBXTargetDependency */ = {
			isa = PBXTargetDependency;
			target = D6B9E58327AE1516006D70C3 /* test */;
			targetProxy = D6B9E59B27AE1517006D70C3 /* PBXContainerItemProxy */;
		};
		D6B9E5A727AE1517006D70C3 /* PBXTargetDependency */ = {
			isa = PBXTargetDependency;
			target = D6B9E58327AE1516006D70C3 /* test */;
			targetProxy = D6B9E5A627AE1517006D70C3 /* PBXContainerItemProxy */;
		};
/* End PBXTargetDependency section */

/* Begin PBXVariantGroup section */
		D6B9E58D27AE1516006D70C3 /* Main.storyboard */ = {
			isa = PBXVariantGroup;
			children = (
				D6B9E58E27AE1516006D70C3 /* Base */,
			);
			name = Main.storyboard;
			sourceTree = "<group>";
		};
		D6B9E59227AE1516006D70C3 /* LaunchScreen.storyboard */ = {
			isa = PBXVariantGroup;
			children = (
				D6B9E59327AE1516006D70C3 /* Base */,
			);
			name = LaunchScreen.storyboard;
			sourceTree = "<group>";
		};
/* End PBXVariantGroup section */

/* Begin XCBuildConfiguration section */
		D6B9E5AC27AE1517006D70C3 /* Debug */ = {
			isa = XCBuildConfiguration;
			buildSettings = {
				ALWAYS_SEARCH_USER_PATHS = NO;
				CLANG_ANALYZER_NONNULL = YES;
				CLANG_ANALYZER_NUMBER_OBJECT_CONVERSION = YES_AGGRESSIVE;
				CLANG_CXX_LANGUAGE_STANDARD = "gnu++14";
				CLANG_CXX_LIBRARY = "libc++";
				CLANG_ENABLE_MODULES = YES;
				CLANG_ENABLE_OBJC_ARC = YES;
				CLANG_ENABLE_OBJC_WEAK = YES;
				CLANG_WARN_BLOCK_CAPTURE_AUTORELEASING = YES;
				CLANG_WARN_BOOL_CONVERSION = YES;
				CLANG_WARN_COMMA = YES;
				CLANG_WARN_CONSTANT_CONVERSION = YES;
				CLANG_WARN_DEPRECATED_OBJC_IMPLEMENTATIONS = YES;
				CLANG_WARN_DIRECT_OBJC_ISA_USAGE = YES_ERROR;
				CLANG_WARN_DOCUMENTATION_COMMENTS = YES;
				CLANG_WARN_EMPTY_BODY = YES;
				CLANG_WARN_ENUM_CONVERSION = YES;
				CLANG_WARN_INFINITE_RECURSION = YES;
				CLANG_WARN_INT_CONVERSION = YES;
				CLANG_WARN_NON_LITERAL_NULL_CONVERSION = YES;
				CLANG_WARN_OBJC_IMPLICIT_RETAIN_SELF = YES;
				CLANG_WARN_OBJC_LITERAL_CONVERSION = YES;
				CLANG_WARN_OBJC_ROOT_CLASS = YES_ERROR;
				CLANG_WARN_QUOTED_INCLUDE_IN_FRAMEWORK_HEADER = YES;
				CLANG_WARN_RANGE_LOOP_ANALYSIS = YES;
				CLANG_WARN_STRICT_PROTOTYPES = YES;
				CLANG_WARN_SUSPICIOUS_MOVE = YES;
				CLANG_WARN_UNGUARDED_AVAILABILITY = YES_AGGRESSIVE;
				CLANG_WARN_UNREACHABLE_CODE = YES;
				CLANG_WARN__DUPLICATE_METHOD_MATCH = YES;
				COPY_PHASE_STRIP = NO;
				DEBUG_INFORMATION_FORMAT = dwarf;
				ENABLE_STRICT_OBJC_MSGSEND = YES;
				ENABLE_TESTABILITY = YES;
				GCC_C_LANGUAGE_STANDARD = gnu11;
				GCC_DYNAMIC_NO_PIC = NO;
				GCC_NO_COMMON_BLOCKS = YES;
				GCC_OPTIMIZATION_LEVEL = 0;
				GCC_PREPROCESSOR_DEFINITIONS = (
					"DEBUG=1",
					"$(inherited)",
				);
				GCC_WARN_64_TO_32_BIT_CONVERSION = YES;
				GCC_WARN_ABOUT_RETURN_TYPE = YES_ERROR;
				GCC_WARN_UNDECLARED_SELECTOR = YES;
				GCC_WARN_UNINITIALIZED_AUTOS = YES_AGGRESSIVE;
				GCC_WARN_UNUSED_FUNCTION = YES;
				GCC_WARN_UNUSED_VARIABLE = YES;
				IPHONEOS_DEPLOYMENT_TARGET = 14.4;
				MTL_ENABLE_DEBUG_INFO = INCLUDE_SOURCE;
				MTL_FAST_MATH = YES;
				ONLY_ACTIVE_ARCH = YES;
				SDKROOT = iphoneos;
				SWIFT_ACTIVE_COMPILATION_CONDITIONS = DEBUG;
				SWIFT_OPTIMIZATION_LEVEL = "-Onone";
			};
			name = Debug;
		};
		D6B9E5AD27AE1517006D70C3 /* Release */ = {
			isa = XCBuildConfiguration;
			buildSettings = {
				ALWAYS_SEARCH_USER_PATHS = NO;
				CLANG_ANALYZER_NONNULL = YES;
				CLANG_ANALYZER_NUMBER_OBJECT_CONVERSION = YES_AGGRESSIVE;
				CLANG_CXX_LANGUAGE_STANDARD = "gnu++14";
				CLANG_CXX_LIBRARY = "libc++";
				CLANG_ENABLE_MODULES = YES;
				CLANG_ENABLE_OBJC_ARC = YES;
				CLANG_ENABLE_OBJC_WEAK = YES;
				CLANG_WARN_BLOCK_CAPTURE_AUTORELEASING = YES;
				CLANG_WARN_BOOL_CONVERSION = YES;
				CLANG_WARN_COMMA = YES;
				CLANG_WARN_CONSTANT_CONVERSION = YES;
				CLANG_WARN_DEPRECATED_OBJC_IMPLEMENTATIONS = YES;
				CLANG_WARN_DIRECT_OBJC_ISA_USAGE = YES_ERROR;
				CLANG_WARN_DOCUMENTATION_COMMENTS = YES;
				CLANG_WARN_EMPTY_BODY = YES;
				CLANG_WARN_ENUM_CONVERSION = YES;
				CLANG_WARN_INFINITE_RECURSION = YES;
				CLANG_WARN_INT_CONVERSION = YES;
				CLANG_WARN_NON_LITERAL_NULL_CONVERSION = YES;
				CLANG_WARN_OBJC_IMPLICIT_RETAIN_SELF = YES;
				CLANG_WARN_OBJC_LITERAL_CONVERSION = YES;
				CLANG_WARN_OBJC_ROOT_CLASS = YES_ERROR;
				CLANG_WARN_QUOTED_INCLUDE_IN_FRAMEWORK_HEADER = YES;
				CLANG_WARN_RANGE_LOOP_ANALYSIS = YES;
				CLANG_WARN_STRICT_PROTOTYPES = YES;
				CLANG_WARN_SUSPICIOUS_MOVE = YES;
				CLANG_WARN_UNGUARDED_AVAILABILITY = YES_AGGRESSIVE;
				CLANG_WARN_UNREACHABLE_CODE = YES;
				CLANG_WARN__DUPLICATE_METHOD_MATCH = YES;
				COPY_PHASE_STRIP = NO;
				DEBUG_INFORMATION_FORMAT = "dwarf-with-dsym";
				ENABLE_NS_ASSERTIONS = NO;
				ENABLE_STRICT_OBJC_MSGSEND = YES;
				GCC_C_LANGUAGE_STANDARD = gnu11;
				GCC_NO_COMMON_BLOCKS = YES;
				GCC_WARN_64_TO_32_BIT_CONVERSION = YES;
				GCC_WARN_ABOUT_RETURN_TYPE = YES_ERROR;
				GCC_WARN_UNDECLARED_SELECTOR = YES;
				GCC_WARN_UNINITIALIZED_AUTOS = YES_AGGRESSIVE;
				GCC_WARN_UNUSED_FUNCTION = YES;
				GCC_WARN_UNUSED_VARIABLE = YES;
				IPHONEOS_DEPLOYMENT_TARGET = 14.4;
				MTL_ENABLE_DEBUG_INFO = NO;
				MTL_FAST_MATH = YES;
				SDKROOT = iphoneos;
				SWIFT_COMPILATION_MODE = wholemodule;
				SWIFT_OPTIMIZATION_LEVEL = "-O";
				VALIDATE_PRODUCT = YES;
			};
			name = Release;
		};
		D6B9E5AF27AE1517006D70C3 /* Debug */ = {
			isa = XCBuildConfiguration;
			buildSettings = {
				ASSETCATALOG_COMPILER_APPICON_NAME = AppIcon;
				ASSETCATALOG_COMPILER_GLOBAL_ACCENT_COLOR_NAME = AccentColor;
				CODE_SIGN_STYLE = Automatic;
				INFOPLIST_FILE = test/Info.plist;
				LD_RUNPATH_SEARCH_PATHS = (
					"$(inherited)",
					"@executable_path/Frameworks",
				);
				PRODUCT_BUNDLE_IDENTIFIER = com.yanju.test;
				PRODUCT_NAME = "$(TARGET_NAME)";
				SWIFT_VERSION = 5.0;
				TARGETED_DEVICE_FAMILY = "1,2";
			};
			name = Debug;
		};
		D6B9E5B027AE1517006D70C3 /* Release */ = {
			isa = XCBuildConfiguration;
			buildSettings = {
				ASSETCATALOG_COMPILER_APPICON_NAME = AppIcon;
				ASSETCATALOG_COMPILER_GLOBAL_ACCENT_COLOR_NAME = AccentColor;
				CODE_SIGN_STYLE = Automatic;
				INFOPLIST_FILE = test/Info.plist;
				LD_RUNPATH_SEARCH_PATHS = (
					"$(inherited)",
					"@executable_path/Frameworks",
				);
				PRODUCT_BUNDLE_IDENTIFIER = com.yanju.test;
				PRODUCT_NAME = "$(TARGET_NAME)";
				SWIFT_VERSION = 5.0;
				TARGETED_DEVICE_FAMILY = "1,2";
			};
			name = Release;
		};
		D6B9E5B227AE1517006D70C3 /* Debug */ = {
			isa = XCBuildConfiguration;
			buildSettings = {
				ALWAYS_EMBED_SWIFT_STANDARD_LIBRARIES = YES;
				BUNDLE_LOADER = "$(TEST_HOST)";
				CODE_SIGN_STYLE = Automatic;
				INFOPLIST_FILE = testTests/Info.plist;
				IPHONEOS_DEPLOYMENT_TARGET = 14.4;
				LD_RUNPATH_SEARCH_PATHS = (
					"$(inherited)",
					"@executable_path/Frameworks",
					"@loader_path/Frameworks",
				);
				PRODUCT_BUNDLE_IDENTIFIER = com.yanju.testTests;
				PRODUCT_NAME = "$(TARGET_NAME)";
				SWIFT_VERSION = 5.0;
				TARGETED_DEVICE_FAMILY = "1,2";
				TEST_HOST = "$(BUILT_PRODUCTS_DIR)/test.app/test";
			};
			name = Debug;
		};
		D6B9E5B327AE1517006D70C3 /* Release */ = {
			isa = XCBuildConfiguration;
			buildSettings = {
				ALWAYS_EMBED_SWIFT_STANDARD_LIBRARIES = YES;
				BUNDLE_LOADER = "$(TEST_HOST)";
				CODE_SIGN_STYLE = Automatic;
				INFOPLIST_FILE = testTests/Info.plist;
				IPHONEOS_DEPLOYMENT_TARGET = 14.4;
				LD_RUNPATH_SEARCH_PATHS = (
					"$(inherited)",
					"@executable_path/Frameworks",
					"@loader_path/Frameworks",
				);
				PRODUCT_BUNDLE_IDENTIFIER = com.yanju.testTests;
				PRODUCT_NAME = "$(TARGET_NAME)";
				SWIFT_VERSION = 5.0;
				TARGETED_DEVICE_FAMILY = "1,2";
				TEST_HOST = "$(BUILT_PRODUCTS_DIR)/test.app/test";
			};
			name = Release;
		};
		D6B9E5B527AE1517006D70C3 /* Debug */ = {
			isa = XCBuildConfiguration;
			buildSettings = {
				ALWAYS_EMBED_SWIFT_STANDARD_LIBRARIES = YES;
				CODE_SIGN_STYLE = Automatic;
				INFOPLIST_FILE = testUITests/Info.plist;
				LD_RUNPATH_SEARCH_PATHS = (
					"$(inherited)",
					"@executable_path/Frameworks",
					"@loader_path/Frameworks",
				);
				PRODUCT_BUNDLE_IDENTIFIER = com.yanju.testUITests;
				PRODUCT_NAME = "$(TARGET_NAME)";
				SWIFT_VERSION = 5.0;
				TARGETED_DEVICE_FAMILY = "1,2";
				TEST_TARGET_NAME = test;
			};
			name = Debug;
		};
		D6B9E5B627AE1517006D70C3 /* Release */ = {
			isa = XCBuildConfiguration;
			buildSettings = {
				ALWAYS_EMBED_SWIFT_STANDARD_LIBRARIES = YES;
				CODE_SIGN_STYLE = Automatic;
				INFOPLIST_FILE = testUITests/Info.plist;
				LD_RUNPATH_SEARCH_PATHS = (
					"$(inherited)",
					"@executable_path/Frameworks",
					"@loader_path/Frameworks",
				);
				PRODUCT_BUNDLE_IDENTIFIER = com.yanju.testUITests;
				PRODUCT_NAME = "$(TARGET_NAME)";
				SWIFT_VERSION = 5.0;
				TARGETED_DEVICE_FAMILY = "1,2";
				TEST_TARGET_NAME = test;
			};
			name = Release;
		};
/* End XCBuildConfiguration section */

/* Begin XCConfigurationList section */
		D6B9E57F27AE1516006D70C3 /* Build configuration list for PBXProject "test" */ = {
			isa = XCConfigurationList;
			buildConfigurations = (
				D6B9E5AC27AE1517006D70C3 /* Debug */,
				D6B9E5AD27AE1517006D70C3 /* Release */,
			);
			defaultConfigurationIsVisible = 0;
			defaultConfigurationName = Release;
		};
		D6B9E5AE27AE1517006D70C3 /* Build configuration list for PBXNativeTarget "test" */ = {
			isa = XCConfigurationList;
			buildConfigurations = (
				D6B9E5AF27AE1517006D70C3 /* Debug */,
				D6B9E5B027AE1517006D70C3 /* Release */,
			);
			defaultConfigurationIsVisible = 0;
			defaultConfigurationName = Release;
		};
		D6B9E5B127AE1517006D70C3 /* Build configuration list for PBXNativeTarget "testTests" */ = {
			isa = XCConfigurationList;
			buildConfigurations = (
				D6B9E5B227AE1517006D70C3 /* Debug */,
				D6B9E5B327AE1517006D70C3 /* Release */,
			);
			defaultConfigurationIsVisible = 0;
			defaultConfigurationName = Release;
		};
		D6B9E5B427AE1517006D70C3 /* Build configuration list for PBXNativeTarget "testUITests" */ = {
			isa = XCConfigurationList;
			buildConfigurations = (
				D6B9E5B527AE1517006D70C3 /* Debug */,
				D6B9E5B627AE1517006D70C3 /* Release */,
			);
			defaultConfigurationIsVisible = 0;
			defaultConfigurationName = Release;
		};
/* End XCConfigurationList section */
	};
	rootObject = D6B9E57C27AE1516006D70C3 /* Project object */;
}
