// !$*UTF8*$!
{
	archiveVersion = 1;
	classes = {
	};
	objectVersion = 50;
	objects = {

/* Begin PBXBuildFile section */
		D68E554A2790A3FA00FBBECF /* AppDelegate.swift in Sources */ = {isa = PBXBuildFile; fileRef = D68E55492790A3FA00FBBECF /* AppDelegate.swift */; };
		D68E554C2790A3FA00FBBECF /* SceneDelegate.swift in Sources */ = {isa = PBXBuildFile; fileRef = D68E554B2790A3FA00FBBECF /* SceneDelegate.swift */; };
		D68E55512790A3FB00FBBECF /* Main.storyboard in Resources */ = {isa = PBXBuildFile; fileRef = D68E554F2790A3FB00FBBECF /* Main.storyboard */; };
		D68E55532790A3FB00FBBECF /* Assets.xcassets in Resources */ = {isa = PBXBuildFile; fileRef = D68E55522790A3FB00FBBECF /* Assets.xcassets */; };
		D68E55562790A3FB00FBBECF /* LaunchScreen.storyboard in Resources */ = {isa = PBXBuildFile; fileRef = D68E55542790A3FB00FBBECF /* LaunchScreen.storyboard */; };
		D68E55612790A3FB00FBBECF /* BountyListTests.swift in Sources */ = {isa = PBXBuildFile; fileRef = D68E55602790A3FB00FBBECF /* BountyListTests.swift */; };
		D68E556C2790A3FB00FBBECF /* BountyListUITests.swift in Sources */ = {isa = PBXBuildFile; fileRef = D68E556B2790A3FB00FBBECF /* BountyListUITests.swift */; };
		D68E55802790A49300FBBECF /* BountyViewController.swift in Sources */ = {isa = PBXBuildFile; fileRef = D68E557F2790A49300FBBECF /* BountyViewController.swift */; };
/* End PBXBuildFile section */

/* Begin PBXContainerItemProxy section */
		D68E555D2790A3FB00FBBECF /* PBXContainerItemProxy */ = {
			isa = PBXContainerItemProxy;
			containerPortal = D68E553E2790A3FA00FBBECF /* Project object */;
			proxyType = 1;
			remoteGlobalIDString = D68E55452790A3FA00FBBECF;
			remoteInfo = BountyList;
		};
		D68E55682790A3FB00FBBECF /* PBXContainerItemProxy */ = {
			isa = PBXContainerItemProxy;
			containerPortal = D68E553E2790A3FA00FBBECF /* Project object */;
			proxyType = 1;
			remoteGlobalIDString = D68E55452790A3FA00FBBECF;
			remoteInfo = BountyList;
		};
/* End PBXContainerItemProxy section */

/* Begin PBXFileReference section */
		D68E55462790A3FA00FBBECF /* BountyList.app */ = {isa = PBXFileReference; explicitFileType = wrapper.application; includeInIndex = 0; path = BountyList.app; sourceTree = BUILT_PRODUCTS_DIR; };
		D68E55492790A3FA00FBBECF /* AppDelegate.swift */ = {isa = PBXFileReference; lastKnownFileType = sourcecode.swift; path = AppDelegate.swift; sourceTree = "<group>"; };
		D68E554B2790A3FA00FBBECF /* SceneDelegate.swift */ = {isa = PBXFileReference; lastKnownFileType = sourcecode.swift; path = SceneDelegate.swift; sourceTree = "<group>"; };
		D68E55502790A3FB00FBBECF /* Base */ = {isa = PBXFileReference; lastKnownFileType = file.storyboard; name = Base; path = Base.lproj/Main.storyboard; sourceTree = "<group>"; };
		D68E55522790A3FB00FBBECF /* Assets.xcassets */ = {isa = PBXFileReference; lastKnownFileType = folder.assetcatalog; path = Assets.xcassets; sourceTree = "<group>"; };
		D68E55552790A3FB00FBBECF /* Base */ = {isa = PBXFileReference; lastKnownFileType = file.storyboard; name = Base; path = Base.lproj/LaunchScreen.storyboard; sourceTree = "<group>"; };
		D68E55572790A3FB00FBBECF /* Info.plist */ = {isa = PBXFileReference; lastKnownFileType = text.plist.xml; path = Info.plist; sourceTree = "<group>"; };
		D68E555C2790A3FB00FBBECF /* BountyListTests.xctest */ = {isa = PBXFileReference; explicitFileType = wrapper.cfbundle; includeInIndex = 0; path = BountyListTests.xctest; sourceTree = BUILT_PRODUCTS_DIR; };
		D68E55602790A3FB00FBBECF /* BountyListTests.swift */ = {isa = PBXFileReference; lastKnownFileType = sourcecode.swift; path = BountyListTests.swift; sourceTree = "<group>"; };
		D68E55622790A3FB00FBBECF /* Info.plist */ = {isa = PBXFileReference; lastKnownFileType = text.plist.xml; path = Info.plist; sourceTree = "<group>"; };
		D68E55672790A3FB00FBBECF /* BountyListUITests.xctest */ = {isa = PBXFileReference; explicitFileType = wrapper.cfbundle; includeInIndex = 0; path = BountyListUITests.xctest; sourceTree = BUILT_PRODUCTS_DIR; };
		D68E556B2790A3FB00FBBECF /* BountyListUITests.swift */ = {isa = PBXFileReference; lastKnownFileType = sourcecode.swift; path = BountyListUITests.swift; sourceTree = "<group>"; };
		D68E556D2790A3FB00FBBECF /* Info.plist */ = {isa = PBXFileReference; lastKnownFileType = text.plist.xml; path = Info.plist; sourceTree = "<group>"; };
		D68E557F2790A49300FBBECF /* BountyViewController.swift */ = {isa = PBXFileReference; lastKnownFileType = sourcecode.swift; path = BountyViewController.swift; sourceTree = "<group>"; };
/* End PBXFileReference section */

/* Begin PBXFrameworksBuildPhase section */
		D68E55432790A3FA00FBBECF /* Frameworks */ = {
			isa = PBXFrameworksBuildPhase;
			buildActionMask = 2147483647;
			files = (
			);
			runOnlyForDeploymentPostprocessing = 0;
		};
		D68E55592790A3FB00FBBECF /* Frameworks */ = {
			isa = PBXFrameworksBuildPhase;
			buildActionMask = 2147483647;
			files = (
			);
			runOnlyForDeploymentPostprocessing = 0;
		};
		D68E55642790A3FB00FBBECF /* Frameworks */ = {
			isa = PBXFrameworksBuildPhase;
			buildActionMask = 2147483647;
			files = (
			);
			runOnlyForDeploymentPostprocessing = 0;
		};
/* End PBXFrameworksBuildPhase section */

/* Begin PBXGroup section */
		D68E553D2790A3FA00FBBECF = {
			isa = PBXGroup;
			children = (
				D68E55482790A3FA00FBBECF /* BountyList */,
				D68E555F2790A3FB00FBBECF /* BountyListTests */,
				D68E556A2790A3FB00FBBECF /* BountyListUITests */,
				D68E55472790A3FA00FBBECF /* Products */,
			);
			sourceTree = "<group>";
		};
		D68E55472790A3FA00FBBECF /* Products */ = {
			isa = PBXGroup;
			children = (
				D68E55462790A3FA00FBBECF /* BountyList.app */,
				D68E555C2790A3FB00FBBECF /* BountyListTests.xctest */,
				D68E55672790A3FB00FBBECF /* BountyListUITests.xctest */,
			);
			name = Products;
			sourceTree = "<group>";
		};
		D68E55482790A3FA00FBBECF /* BountyList */ = {
			isa = PBXGroup;
			children = (
				D68E55492790A3FA00FBBECF /* AppDelegate.swift */,
				D68E554B2790A3FA00FBBECF /* SceneDelegate.swift */,
				D68E554F2790A3FB00FBBECF /* Main.storyboard */,
				D68E55522790A3FB00FBBECF /* Assets.xcassets */,
				D68E55542790A3FB00FBBECF /* LaunchScreen.storyboard */,
				D68E55572790A3FB00FBBECF /* Info.plist */,
				D68E557F2790A49300FBBECF /* BountyViewController.swift */,
			);
			path = BountyList;
			sourceTree = "<group>";
		};
		D68E555F2790A3FB00FBBECF /* BountyListTests */ = {
			isa = PBXGroup;
			children = (
				D68E55602790A3FB00FBBECF /* BountyListTests.swift */,
				D68E55622790A3FB00FBBECF /* Info.plist */,
			);
			path = BountyListTests;
			sourceTree = "<group>";
		};
		D68E556A2790A3FB00FBBECF /* BountyListUITests */ = {
			isa = PBXGroup;
			children = (
				D68E556B2790A3FB00FBBECF /* BountyListUITests.swift */,
				D68E556D2790A3FB00FBBECF /* Info.plist */,
			);
			path = BountyListUITests;
			sourceTree = "<group>";
		};
/* End PBXGroup section */

/* Begin PBXNativeTarget section */
		D68E55452790A3FA00FBBECF /* BountyList */ = {
			isa = PBXNativeTarget;
			buildConfigurationList = D68E55702790A3FB00FBBECF /* Build configuration list for PBXNativeTarget "BountyList" */;
			buildPhases = (
				D68E55422790A3FA00FBBECF /* Sources */,
				D68E55432790A3FA00FBBECF /* Frameworks */,
				D68E55442790A3FA00FBBECF /* Resources */,
			);
			buildRules = (
			);
			dependencies = (
			);
			name = BountyList;
			productName = BountyList;
			productReference = D68E55462790A3FA00FBBECF /* BountyList.app */;
			productType = "com.apple.product-type.application";
		};
		D68E555B2790A3FB00FBBECF /* BountyListTests */ = {
			isa = PBXNativeTarget;
			buildConfigurationList = D68E55732790A3FB00FBBECF /* Build configuration list for PBXNativeTarget "BountyListTests" */;
			buildPhases = (
				D68E55582790A3FB00FBBECF /* Sources */,
				D68E55592790A3FB00FBBECF /* Frameworks */,
				D68E555A2790A3FB00FBBECF /* Resources */,
			);
			buildRules = (
			);
			dependencies = (
				D68E555E2790A3FB00FBBECF /* PBXTargetDependency */,
			);
			name = BountyListTests;
			productName = BountyListTests;
			productReference = D68E555C2790A3FB00FBBECF /* BountyListTests.xctest */;
			productType = "com.apple.product-type.bundle.unit-test";
		};
		D68E55662790A3FB00FBBECF /* BountyListUITests */ = {
			isa = PBXNativeTarget;
			buildConfigurationList = D68E55762790A3FB00FBBECF /* Build configuration list for PBXNativeTarget "BountyListUITests" */;
			buildPhases = (
				D68E55632790A3FB00FBBECF /* Sources */,
				D68E55642790A3FB00FBBECF /* Frameworks */,
				D68E55652790A3FB00FBBECF /* Resources */,
			);
			buildRules = (
			);
			dependencies = (
				D68E55692790A3FB00FBBECF /* PBXTargetDependency */,
			);
			name = BountyListUITests;
			productName = BountyListUITests;
			productReference = D68E55672790A3FB00FBBECF /* BountyListUITests.xctest */;
			productType = "com.apple.product-type.bundle.ui-testing";
		};
/* End PBXNativeTarget section */

/* Begin PBXProject section */
		D68E553E2790A3FA00FBBECF /* Project object */ = {
			isa = PBXProject;
			attributes = {
				LastSwiftUpdateCheck = 1240;
				LastUpgradeCheck = 1240;
				TargetAttributes = {
					D68E55452790A3FA00FBBECF = {
						CreatedOnToolsVersion = 12.4;
					};
					D68E555B2790A3FB00FBBECF = {
						CreatedOnToolsVersion = 12.4;
						TestTargetID = D68E55452790A3FA00FBBECF;
					};
					D68E55662790A3FB00FBBECF = {
						CreatedOnToolsVersion = 12.4;
						TestTargetID = D68E55452790A3FA00FBBECF;
					};
				};
			};
			buildConfigurationList = D68E55412790A3FA00FBBECF /* Build configuration list for PBXProject "BountyList" */;
			compatibilityVersion = "Xcode 9.3";
			developmentRegion = en;
			hasScannedForEncodings = 0;
			knownRegions = (
				en,
				Base,
			);
			mainGroup = D68E553D2790A3FA00FBBECF;
			productRefGroup = D68E55472790A3FA00FBBECF /* Products */;
			projectDirPath = "";
			projectRoot = "";
			targets = (
				D68E55452790A3FA00FBBECF /* BountyList */,
				D68E555B2790A3FB00FBBECF /* BountyListTests */,
				D68E55662790A3FB00FBBECF /* BountyListUITests */,
			);
		};
/* End PBXProject section */

/* Begin PBXResourcesBuildPhase section */
		D68E55442790A3FA00FBBECF /* Resources */ = {
			isa = PBXResourcesBuildPhase;
			buildActionMask = 2147483647;
			files = (
				D68E55562790A3FB00FBBECF /* LaunchScreen.storyboard in Resources */,
				D68E55532790A3FB00FBBECF /* Assets.xcassets in Resources */,
				D68E55512790A3FB00FBBECF /* Main.storyboard in Resources */,
			);
			runOnlyForDeploymentPostprocessing = 0;
		};
		D68E555A2790A3FB00FBBECF /* Resources */ = {
			isa = PBXResourcesBuildPhase;
			buildActionMask = 2147483647;
			files = (
			);
			runOnlyForDeploymentPostprocessing = 0;
		};
		D68E55652790A3FB00FBBECF /* Resources */ = {
			isa = PBXResourcesBuildPhase;
			buildActionMask = 2147483647;
			files = (
			);
			runOnlyForDeploymentPostprocessing = 0;
		};
/* End PBXResourcesBuildPhase section */

/* Begin PBXSourcesBuildPhase section */
		D68E55422790A3FA00FBBECF /* Sources */ = {
			isa = PBXSourcesBuildPhase;
			buildActionMask = 2147483647;
			files = (
				D68E554A2790A3FA00FBBECF /* AppDelegate.swift in Sources */,
				D68E55802790A49300FBBECF /* BountyViewController.swift in Sources */,
				D68E554C2790A3FA00FBBECF /* SceneDelegate.swift in Sources */,
			);
			runOnlyForDeploymentPostprocessing = 0;
		};
		D68E55582790A3FB00FBBECF /* Sources */ = {
			isa = PBXSourcesBuildPhase;
			buildActionMask = 2147483647;
			files = (
				D68E55612790A3FB00FBBECF /* BountyListTests.swift in Sources */,
			);
			runOnlyForDeploymentPostprocessing = 0;
		};
		D68E55632790A3FB00FBBECF /* Sources */ = {
			isa = PBXSourcesBuildPhase;
			buildActionMask = 2147483647;
			files = (
				D68E556C2790A3FB00FBBECF /* BountyListUITests.swift in Sources */,
			);
			runOnlyForDeploymentPostprocessing = 0;
		};
/* End PBXSourcesBuildPhase section */

/* Begin PBXTargetDependency section */
		D68E555E2790A3FB00FBBECF /* PBXTargetDependency */ = {
			isa = PBXTargetDependency;
			target = D68E55452790A3FA00FBBECF /* BountyList */;
			targetProxy = D68E555D2790A3FB00FBBECF /* PBXContainerItemProxy */;
		};
		D68E55692790A3FB00FBBECF /* PBXTargetDependency */ = {
			isa = PBXTargetDependency;
			target = D68E55452790A3FA00FBBECF /* BountyList */;
			targetProxy = D68E55682790A3FB00FBBECF /* PBXContainerItemProxy */;
		};
/* End PBXTargetDependency section */

/* Begin PBXVariantGroup section */
		D68E554F2790A3FB00FBBECF /* Main.storyboard */ = {
			isa = PBXVariantGroup;
			children = (
				D68E55502790A3FB00FBBECF /* Base */,
			);
			name = Main.storyboard;
			sourceTree = "<group>";
		};
		D68E55542790A3FB00FBBECF /* LaunchScreen.storyboard */ = {
			isa = PBXVariantGroup;
			children = (
				D68E55552790A3FB00FBBECF /* Base */,
			);
			name = LaunchScreen.storyboard;
			sourceTree = "<group>";
		};
/* End PBXVariantGroup section */

/* Begin XCBuildConfiguration section */
		D68E556E2790A3FB00FBBECF /* Debug */ = {
			isa = XCBuildConfiguration;
			buildSettings = {
				ALWAYS_SEARCH_USER_PATHS = NO;
				CLANG_ANALYZER_NONNULL = YES;
				CLANG_ANALYZER_NUMBER_OBJECT_CONVERSION = YES_AGGRESSIVE;
				CLANG_CXX_LANGUAGE_STANDARD = "gnu++14";
				CLANG_CXX_LIBRARY = "libc++";
				CLANG_ENABLE_MODULES = YES;
				CLANG_ENABLE_OBJC_ARC = YES;
				CLANG_ENABLE_OBJC_WEAK = YES;
				CLANG_WARN_BLOCK_CAPTURE_AUTORELEASING = YES;
				CLANG_WARN_BOOL_CONVERSION = YES;
				CLANG_WARN_COMMA = YES;
				CLANG_WARN_CONSTANT_CONVERSION = YES;
				CLANG_WARN_DEPRECATED_OBJC_IMPLEMENTATIONS = YES;
				CLANG_WARN_DIRECT_OBJC_ISA_USAGE = YES_ERROR;
				CLANG_WARN_DOCUMENTATION_COMMENTS = YES;
				CLANG_WARN_EMPTY_BODY = YES;
				CLANG_WARN_ENUM_CONVERSION = YES;
				CLANG_WARN_INFINITE_RECURSION = YES;
				CLANG_WARN_INT_CONVERSION = YES;
				CLANG_WARN_NON_LITERAL_NULL_CONVERSION = YES;
				CLANG_WARN_OBJC_IMPLICIT_RETAIN_SELF = YES;
				CLANG_WARN_OBJC_LITERAL_CONVERSION = YES;
				CLANG_WARN_OBJC_ROOT_CLASS = YES_ERROR;
				CLANG_WARN_QUOTED_INCLUDE_IN_FRAMEWORK_HEADER = YES;
				CLANG_WARN_RANGE_LOOP_ANALYSIS = YES;
				CLANG_WARN_STRICT_PROTOTYPES = YES;
				CLANG_WARN_SUSPICIOUS_MOVE = YES;
				CLANG_WARN_UNGUARDED_AVAILABILITY = YES_AGGRESSIVE;
				CLANG_WARN_UNREACHABLE_CODE = YES;
				CLANG_WARN__DUPLICATE_METHOD_MATCH = YES;
				COPY_PHASE_STRIP = NO;
				DEBUG_INFORMATION_FORMAT = dwarf;
				ENABLE_STRICT_OBJC_MSGSEND = YES;
				ENABLE_TESTABILITY = YES;
				GCC_C_LANGUAGE_STANDARD = gnu11;
				GCC_DYNAMIC_NO_PIC = NO;
				GCC_NO_COMMON_BLOCKS = YES;
				GCC_OPTIMIZATION_LEVEL = 0;
				GCC_PREPROCESSOR_DEFINITIONS = (
					"DEBUG=1",
					"$(inherited)",
				);
				GCC_WARN_64_TO_32_BIT_CONVERSION = YES;
				GCC_WARN_ABOUT_RETURN_TYPE = YES_ERROR;
				GCC_WARN_UNDECLARED_SELECTOR = YES;
				GCC_WARN_UNINITIALIZED_AUTOS = YES_AGGRESSIVE;
				GCC_WARN_UNUSED_FUNCTION = YES;
				GCC_WARN_UNUSED_VARIABLE = YES;
				IPHONEOS_DEPLOYMENT_TARGET = 14.4;
				MTL_ENABLE_DEBUG_INFO = INCLUDE_SOURCE;
				MTL_FAST_MATH = YES;
				ONLY_ACTIVE_ARCH = YES;
				SDKROOT = iphoneos;
				SWIFT_ACTIVE_COMPILATION_CONDITIONS = DEBUG;
				SWIFT_OPTIMIZATION_LEVEL = "-Onone";
			};
			name = Debug;
		};
		D68E556F2790A3FB00FBBECF /* Release */ = {
			isa = XCBuildConfiguration;
			buildSettings = {
				ALWAYS_SEARCH_USER_PATHS = NO;
				CLANG_ANALYZER_NONNULL = YES;
				CLANG_ANALYZER_NUMBER_OBJECT_CONVERSION = YES_AGGRESSIVE;
				CLANG_CXX_LANGUAGE_STANDARD = "gnu++14";
				CLANG_CXX_LIBRARY = "libc++";
				CLANG_ENABLE_MODULES = YES;
				CLANG_ENABLE_OBJC_ARC = YES;
				CLANG_ENABLE_OBJC_WEAK = YES;
				CLANG_WARN_BLOCK_CAPTURE_AUTORELEASING = YES;
				CLANG_WARN_BOOL_CONVERSION = YES;
				CLANG_WARN_COMMA = YES;
				CLANG_WARN_CONSTANT_CONVERSION = YES;
				CLANG_WARN_DEPRECATED_OBJC_IMPLEMENTATIONS = YES;
				CLANG_WARN_DIRECT_OBJC_ISA_USAGE = YES_ERROR;
				CLANG_WARN_DOCUMENTATION_COMMENTS = YES;
				CLANG_WARN_EMPTY_BODY = YES;
				CLANG_WARN_ENUM_CONVERSION = YES;
				CLANG_WARN_INFINITE_RECURSION = YES;
				CLANG_WARN_INT_CONVERSION = YES;
				CLANG_WARN_NON_LITERAL_NULL_CONVERSION = YES;
				CLANG_WARN_OBJC_IMPLICIT_RETAIN_SELF = YES;
				CLANG_WARN_OBJC_LITERAL_CONVERSION = YES;
				CLANG_WARN_OBJC_ROOT_CLASS = YES_ERROR;
				CLANG_WARN_QUOTED_INCLUDE_IN_FRAMEWORK_HEADER = YES;
				CLANG_WARN_RANGE_LOOP_ANALYSIS = YES;
				CLANG_WARN_STRICT_PROTOTYPES = YES;
				CLANG_WARN_SUSPICIOUS_MOVE = YES;
				CLANG_WARN_UNGUARDED_AVAILABILITY = YES_AGGRESSIVE;
				CLANG_WARN_UNREACHABLE_CODE = YES;
				CLANG_WARN__DUPLICATE_METHOD_MATCH = YES;
				COPY_PHASE_STRIP = NO;
				DEBUG_INFORMATION_FORMAT = "dwarf-with-dsym";
				ENABLE_NS_ASSERTIONS = NO;
				ENABLE_STRICT_OBJC_MSGSEND = YES;
				GCC_C_LANGUAGE_STANDARD = gnu11;
				GCC_NO_COMMON_BLOCKS = YES;
				GCC_WARN_64_TO_32_BIT_CONVERSION = YES;
				GCC_WARN_ABOUT_RETURN_TYPE = YES_ERROR;
				GCC_WARN_UNDECLARED_SELECTOR = YES;
				GCC_WARN_UNINITIALIZED_AUTOS = YES_AGGRESSIVE;
				GCC_WARN_UNUSED_FUNCTION = YES;
				GCC_WARN_UNUSED_VARIABLE = YES;
				IPHONEOS_DEPLOYMENT_TARGET = 14.4;
				MTL_ENABLE_DEBUG_INFO = NO;
				MTL_FAST_MATH = YES;
				SDKROOT = iphoneos;
				SWIFT_COMPILATION_MODE = wholemodule;
				SWIFT_OPTIMIZATION_LEVEL = "-O";
				VALIDATE_PRODUCT = YES;
			};
			name = Release;
		};
		D68E55712790A3FB00FBBECF /* Debug */ = {
			isa = XCBuildConfiguration;
			buildSettings = {
				ASSETCATALOG_COMPILER_APPICON_NAME = AppIcon;
				ASSETCATALOG_COMPILER_GLOBAL_ACCENT_COLOR_NAME = AccentColor;
				CODE_SIGN_STYLE = Automatic;
				INFOPLIST_FILE = BountyList/Info.plist;
				LD_RUNPATH_SEARCH_PATHS = (
					"$(inherited)",
					"@executable_path/Frameworks",
				);
				PRODUCT_BUNDLE_IDENTIFIER = yanju.BountyList;
				PRODUCT_NAME = "$(TARGET_NAME)";
				SWIFT_VERSION = 5.0;
				TARGETED_DEVICE_FAMILY = "1,2";
			};
			name = Debug;
		};
		D68E55722790A3FB00FBBECF /* Release */ = {
			isa = XCBuildConfiguration;
			buildSettings = {
				ASSETCATALOG_COMPILER_APPICON_NAME = AppIcon;
				ASSETCATALOG_COMPILER_GLOBAL_ACCENT_COLOR_NAME = AccentColor;
				CODE_SIGN_STYLE = Automatic;
				INFOPLIST_FILE = BountyList/Info.plist;
				LD_RUNPATH_SEARCH_PATHS = (
					"$(inherited)",
					"@executable_path/Frameworks",
				);
				PRODUCT_BUNDLE_IDENTIFIER = yanju.BountyList;
				PRODUCT_NAME = "$(TARGET_NAME)";
				SWIFT_VERSION = 5.0;
				TARGETED_DEVICE_FAMILY = "1,2";
			};
			name = Release;
		};
		D68E55742790A3FB00FBBECF /* Debug */ = {
			isa = XCBuildConfiguration;
			buildSettings = {
				ALWAYS_EMBED_SWIFT_STANDARD_LIBRARIES = YES;
				BUNDLE_LOADER = "$(TEST_HOST)";
				CODE_SIGN_STYLE = Automatic;
				INFOPLIST_FILE = BountyListTests/Info.plist;
				IPHONEOS_DEPLOYMENT_TARGET = 14.4;
				LD_RUNPATH_SEARCH_PATHS = (
					"$(inherited)",
					"@executable_path/Frameworks",
					"@loader_path/Frameworks",
				);
				PRODUCT_BUNDLE_IDENTIFIER = yanju.BountyListTests;
				PRODUCT_NAME = "$(TARGET_NAME)";
				SWIFT_VERSION = 5.0;
				TARGETED_DEVICE_FAMILY = "1,2";
				TEST_HOST = "$(BUILT_PRODUCTS_DIR)/BountyList.app/BountyList";
			};
			name = Debug;
		};
		D68E55752790A3FB00FBBECF /* Release */ = {
			isa = XCBuildConfiguration;
			buildSettings = {
				ALWAYS_EMBED_SWIFT_STANDARD_LIBRARIES = YES;
				BUNDLE_LOADER = "$(TEST_HOST)";
				CODE_SIGN_STYLE = Automatic;
				INFOPLIST_FILE = BountyListTests/Info.plist;
				IPHONEOS_DEPLOYMENT_TARGET = 14.4;
				LD_RUNPATH_SEARCH_PATHS = (
					"$(inherited)",
					"@executable_path/Frameworks",
					"@loader_path/Frameworks",
				);
				PRODUCT_BUNDLE_IDENTIFIER = yanju.BountyListTests;
				PRODUCT_NAME = "$(TARGET_NAME)";
				SWIFT_VERSION = 5.0;
				TARGETED_DEVICE_FAMILY = "1,2";
				TEST_HOST = "$(BUILT_PRODUCTS_DIR)/BountyList.app/BountyList";
			};
			name = Release;
		};
		D68E55772790A3FB00FBBECF /* Debug */ = {
			isa = XCBuildConfiguration;
			buildSettings = {
				ALWAYS_EMBED_SWIFT_STANDARD_LIBRARIES = YES;
				CODE_SIGN_STYLE = Automatic;
				INFOPLIST_FILE = BountyListUITests/Info.plist;
				LD_RUNPATH_SEARCH_PATHS = (
					"$(inherited)",
					"@executable_path/Frameworks",
					"@loader_path/Frameworks",
				);
				PRODUCT_BUNDLE_IDENTIFIER = yanju.BountyListUITests;
				PRODUCT_NAME = "$(TARGET_NAME)";
				SWIFT_VERSION = 5.0;
				TARGETED_DEVICE_FAMILY = "1,2";
				TEST_TARGET_NAME = BountyList;
			};
			name = Debug;
		};
		D68E55782790A3FB00FBBECF /* Release */ = {
			isa = XCBuildConfiguration;
			buildSettings = {
				ALWAYS_EMBED_SWIFT_STANDARD_LIBRARIES = YES;
				CODE_SIGN_STYLE = Automatic;
				INFOPLIST_FILE = BountyListUITests/Info.plist;
				LD_RUNPATH_SEARCH_PATHS = (
					"$(inherited)",
					"@executable_path/Frameworks",
					"@loader_path/Frameworks",
				);
				PRODUCT_BUNDLE_IDENTIFIER = yanju.BountyListUITests;
				PRODUCT_NAME = "$(TARGET_NAME)";
				SWIFT_VERSION = 5.0;
				TARGETED_DEVICE_FAMILY = "1,2";
				TEST_TARGET_NAME = BountyList;
			};
			name = Release;
		};
/* End XCBuildConfiguration section */

/* Begin XCConfigurationList section */
		D68E55412790A3FA00FBBECF /* Build configuration list for PBXProject "BountyList" */ = {
			isa = XCConfigurationList;
			buildConfigurations = (
				D68E556E2790A3FB00FBBECF /* Debug */,
				D68E556F2790A3FB00FBBECF /* Release */,
			);
			defaultConfigurationIsVisible = 0;
			defaultConfigurationName = Release;
		};
		D68E55702790A3FB00FBBECF /* Build configuration list for PBXNativeTarget "BountyList" */ = {
			isa = XCConfigurationList;
			buildConfigurations = (
				D68E55712790A3FB00FBBECF /* Debug */,
				D68E55722790A3FB00FBBECF /* Release */,
			);
			defaultConfigurationIsVisible = 0;
			defaultConfigurationName = Release;
		};
		D68E55732790A3FB00FBBECF /* Build configuration list for PBXNativeTarget "BountyListTests" */ = {
			isa = XCConfigurationList;
			buildConfigurations = (
				D68E55742790A3FB00FBBECF /* Debug */,
				D68E55752790A3FB00FBBECF /* Release */,
			);
			defaultConfigurationIsVisible = 0;
			defaultConfigurationName = Release;
		};
		D68E55762790A3FB00FBBECF /* Build configuration list for PBXNativeTarget "BountyListUITests" */ = {
			isa = XCConfigurationList;
			buildConfigurations = (
				D68E55772790A3FB00FBBECF /* Debug */,
				D68E55782790A3FB00FBBECF /* Release */,
			);
			defaultConfigurationIsVisible = 0;
			defaultConfigurationName = Release;
		};
/* End XCConfigurationList section */
	};
	rootObject = D68E553E2790A3FA00FBBECF /* Project object */;
}
