// !$*UTF8*$!
{
	archiveVersion = 1;
	classes = {
	};
	objectVersion = 50;
	objects = {

/* Begin PBXBuildFile section */
		D616A97927A4B6F600DAA827 /* AppDelegate.swift in Sources */ = {isa = PBXBuildFile; fileRef = D616A97827A4B6F600DAA827 /* AppDelegate.swift */; };
		D616A97B27A4B6F600DAA827 /* SceneDelegate.swift in Sources */ = {isa = PBXBuildFile; fileRef = D616A97A27A4B6F600DAA827 /* SceneDelegate.swift */; };
		D616A97D27A4B6F600DAA827 /* ViewController.swift in Sources */ = {isa = PBXBuildFile; fileRef = D616A97C27A4B6F600DAA827 /* ViewController.swift */; };
		D616A98027A4B6F600DAA827 /* Main.storyboard in Resources */ = {isa = PBXBuildFile; fileRef = D616A97E27A4B6F600DAA827 /* Main.storyboard */; };
		D616A98227A4B6F600DAA827 /* Assets.xcassets in Resources */ = {isa = PBXBuildFile; fileRef = D616A98127A4B6F600DAA827 /* Assets.xcassets */; };
		D616A98527A4B6F600DAA827 /* LaunchScreen.storyboard in Resources */ = {isa = PBXBuildFile; fileRef = D616A98327A4B6F600DAA827 /* LaunchScreen.storyboard */; };
		D616A99027A4B6F700DAA827 /* WhichNumberIsBiggerTests.swift in Sources */ = {isa = PBXBuildFile; fileRef = D616A98F27A4B6F700DAA827 /* WhichNumberIsBiggerTests.swift */; };
		D616A99B27A4B6F700DAA827 /* WhichNumberIsBiggerUITests.swift in Sources */ = {isa = PBXBuildFile; fileRef = D616A99A27A4B6F700DAA827 /* WhichNumberIsBiggerUITests.swift */; };
/* End PBXBuildFile section */

/* Begin PBXContainerItemProxy section */
		D616A98C27A4B6F700DAA827 /* PBXContainerItemProxy */ = {
			isa = PBXContainerItemProxy;
			containerPortal = D616A96D27A4B6F600DAA827 /* Project object */;
			proxyType = 1;
			remoteGlobalIDString = D616A97427A4B6F600DAA827;
			remoteInfo = WhichNumberIsBigger;
		};
		D616A99727A4B6F700DAA827 /* PBXContainerItemProxy */ = {
			isa = PBXContainerItemProxy;
			containerPortal = D616A96D27A4B6F600DAA827 /* Project object */;
			proxyType = 1;
			remoteGlobalIDString = D616A97427A4B6F600DAA827;
			remoteInfo = WhichNumberIsBigger;
		};
/* End PBXContainerItemProxy section */

/* Begin PBXFileReference section */
		D616A97527A4B6F600DAA827 /* WhichNumberIsBigger.app */ = {isa = PBXFileReference; explicitFileType = wrapper.application; includeInIndex = 0; path = WhichNumberIsBigger.app; sourceTree = BUILT_PRODUCTS_DIR; };
		D616A97827A4B6F600DAA827 /* AppDelegate.swift */ = {isa = PBXFileReference; lastKnownFileType = sourcecode.swift; path = AppDelegate.swift; sourceTree = "<group>"; };
		D616A97A27A4B6F600DAA827 /* SceneDelegate.swift */ = {isa = PBXFileReference; lastKnownFileType = sourcecode.swift; path = SceneDelegate.swift; sourceTree = "<group>"; };
		D616A97C27A4B6F600DAA827 /* ViewController.swift */ = {isa = PBXFileReference; lastKnownFileType = sourcecode.swift; path = ViewController.swift; sourceTree = "<group>"; };
		D616A97F27A4B6F600DAA827 /* Base */ = {isa = PBXFileReference; lastKnownFileType = file.storyboard; name = Base; path = Base.lproj/Main.storyboard; sourceTree = "<group>"; };
		D616A98127A4B6F600DAA827 /* Assets.xcassets */ = {isa = PBXFileReference; lastKnownFileType = folder.assetcatalog; path = Assets.xcassets; sourceTree = "<group>"; };
		D616A98427A4B6F600DAA827 /* Base */ = {isa = PBXFileReference; lastKnownFileType = file.storyboard; name = Base; path = Base.lproj/LaunchScreen.storyboard; sourceTree = "<group>"; };
		D616A98627A4B6F600DAA827 /* Info.plist */ = {isa = PBXFileReference; lastKnownFileType = text.plist.xml; path = Info.plist; sourceTree = "<group>"; };
		D616A98B27A4B6F700DAA827 /* WhichNumberIsBiggerTests.xctest */ = {isa = PBXFileReference; explicitFileType = wrapper.cfbundle; includeInIndex = 0; path = WhichNumberIsBiggerTests.xctest; sourceTree = BUILT_PRODUCTS_DIR; };
		D616A98F27A4B6F700DAA827 /* WhichNumberIsBiggerTests.swift */ = {isa = PBXFileReference; lastKnownFileType = sourcecode.swift; path = WhichNumberIsBiggerTests.swift; sourceTree = "<group>"; };
		D616A99127A4B6F700DAA827 /* Info.plist */ = {isa = PBXFileReference; lastKnownFileType = text.plist.xml; path = Info.plist; sourceTree = "<group>"; };
		D616A99627A4B6F700DAA827 /* WhichNumberIsBiggerUITests.xctest */ = {isa = PBXFileReference; explicitFileType = wrapper.cfbundle; includeInIndex = 0; path = WhichNumberIsBiggerUITests.xctest; sourceTree = BUILT_PRODUCTS_DIR; };
		D616A99A27A4B6F700DAA827 /* WhichNumberIsBiggerUITests.swift */ = {isa = PBXFileReference; lastKnownFileType = sourcecode.swift; path = WhichNumberIsBiggerUITests.swift; sourceTree = "<group>"; };
		D616A99C27A4B6F700DAA827 /* Info.plist */ = {isa = PBXFileReference; lastKnownFileType = text.plist.xml; path = Info.plist; sourceTree = "<group>"; };
/* End PBXFileReference section */

/* Begin PBXFrameworksBuildPhase section */
		D616A97227A4B6F600DAA827 /* Frameworks */ = {
			isa = PBXFrameworksBuildPhase;
			buildActionMask = 2147483647;
			files = (
			);
			runOnlyForDeploymentPostprocessing = 0;
		};
		D616A98827A4B6F700DAA827 /* Frameworks */ = {
			isa = PBXFrameworksBuildPhase;
			buildActionMask = 2147483647;
			files = (
			);
			runOnlyForDeploymentPostprocessing = 0;
		};
		D616A99327A4B6F700DAA827 /* Frameworks */ = {
			isa = PBXFrameworksBuildPhase;
			buildActionMask = 2147483647;
			files = (
			);
			runOnlyForDeploymentPostprocessing = 0;
		};
/* End PBXFrameworksBuildPhase section */

/* Begin PBXGroup section */
		D616A96C27A4B6F600DAA827 = {
			isa = PBXGroup;
			children = (
				D616A97727A4B6F600DAA827 /* WhichNumberIsBigger */,
				D616A98E27A4B6F700DAA827 /* WhichNumberIsBiggerTests */,
				D616A99927A4B6F700DAA827 /* WhichNumberIsBiggerUITests */,
				D616A97627A4B6F600DAA827 /* Products */,
			);
			sourceTree = "<group>";
		};
		D616A97627A4B6F600DAA827 /* Products */ = {
			isa = PBXGroup;
			children = (
				D616A97527A4B6F600DAA827 /* WhichNumberIsBigger.app */,
				D616A98B27A4B6F700DAA827 /* WhichNumberIsBiggerTests.xctest */,
				D616A99627A4B6F700DAA827 /* WhichNumberIsBiggerUITests.xctest */,
			);
			name = Products;
			sourceTree = "<group>";
		};
		D616A97727A4B6F600DAA827 /* WhichNumberIsBigger */ = {
			isa = PBXGroup;
			children = (
				D616A97827A4B6F600DAA827 /* AppDelegate.swift */,
				D616A97A27A4B6F600DAA827 /* SceneDelegate.swift */,
				D616A97C27A4B6F600DAA827 /* ViewController.swift */,
				D616A97E27A4B6F600DAA827 /* Main.storyboard */,
				D616A98127A4B6F600DAA827 /* Assets.xcassets */,
				D616A98327A4B6F600DAA827 /* LaunchScreen.storyboard */,
				D616A98627A4B6F600DAA827 /* Info.plist */,
			);
			path = WhichNumberIsBigger;
			sourceTree = "<group>";
		};
		D616A98E27A4B6F700DAA827 /* WhichNumberIsBiggerTests */ = {
			isa = PBXGroup;
			children = (
				D616A98F27A4B6F700DAA827 /* WhichNumberIsBiggerTests.swift */,
				D616A99127A4B6F700DAA827 /* Info.plist */,
			);
			path = WhichNumberIsBiggerTests;
			sourceTree = "<group>";
		};
		D616A99927A4B6F700DAA827 /* WhichNumberIsBiggerUITests */ = {
			isa = PBXGroup;
			children = (
				D616A99A27A4B6F700DAA827 /* WhichNumberIsBiggerUITests.swift */,
				D616A99C27A4B6F700DAA827 /* Info.plist */,
			);
			path = WhichNumberIsBiggerUITests;
			sourceTree = "<group>";
		};
/* End PBXGroup section */

/* Begin PBXNativeTarget section */
		D616A97427A4B6F600DAA827 /* WhichNumberIsBigger */ = {
			isa = PBXNativeTarget;
			buildConfigurationList = D616A99F27A4B6F700DAA827 /* Build configuration list for PBXNativeTarget "WhichNumberIsBigger" */;
			buildPhases = (
				D616A97127A4B6F600DAA827 /* Sources */,
				D616A97227A4B6F600DAA827 /* Frameworks */,
				D616A97327A4B6F600DAA827 /* Resources */,
			);
			buildRules = (
			);
			dependencies = (
			);
			name = WhichNumberIsBigger;
			productName = WhichNumberIsBigger;
			productReference = D616A97527A4B6F600DAA827 /* WhichNumberIsBigger.app */;
			productType = "com.apple.product-type.application";
		};
		D616A98A27A4B6F700DAA827 /* WhichNumberIsBiggerTests */ = {
			isa = PBXNativeTarget;
			buildConfigurationList = D616A9A227A4B6F700DAA827 /* Build configuration list for PBXNativeTarget "WhichNumberIsBiggerTests" */;
			buildPhases = (
				D616A98727A4B6F700DAA827 /* Sources */,
				D616A98827A4B6F700DAA827 /* Frameworks */,
				D616A98927A4B6F700DAA827 /* Resources */,
			);
			buildRules = (
			);
			dependencies = (
				D616A98D27A4B6F700DAA827 /* PBXTargetDependency */,
			);
			name = WhichNumberIsBiggerTests;
			productName = WhichNumberIsBiggerTests;
			productReference = D616A98B27A4B6F700DAA827 /* WhichNumberIsBiggerTests.xctest */;
			productType = "com.apple.product-type.bundle.unit-test";
		};
		D616A99527A4B6F700DAA827 /* WhichNumberIsBiggerUITests */ = {
			isa = PBXNativeTarget;
			buildConfigurationList = D616A9A527A4B6F700DAA827 /* Build configuration list for PBXNativeTarget "WhichNumberIsBiggerUITests" */;
			buildPhases = (
				D616A99227A4B6F700DAA827 /* Sources */,
				D616A99327A4B6F700DAA827 /* Frameworks */,
				D616A99427A4B6F700DAA827 /* Resources */,
			);
			buildRules = (
			);
			dependencies = (
				D616A99827A4B6F700DAA827 /* PBXTargetDependency */,
			);
			name = WhichNumberIsBiggerUITests;
			productName = WhichNumberIsBiggerUITests;
			productReference = D616A99627A4B6F700DAA827 /* WhichNumberIsBiggerUITests.xctest */;
			productType = "com.apple.product-type.bundle.ui-testing";
		};
/* End PBXNativeTarget section */

/* Begin PBXProject section */
		D616A96D27A4B6F600DAA827 /* Project object */ = {
			isa = PBXProject;
			attributes = {
				LastSwiftUpdateCheck = 1240;
				LastUpgradeCheck = 1240;
				TargetAttributes = {
					D616A97427A4B6F600DAA827 = {
						CreatedOnToolsVersion = 12.4;
					};
					D616A98A27A4B6F700DAA827 = {
						CreatedOnToolsVersion = 12.4;
						TestTargetID = D616A97427A4B6F600DAA827;
					};
					D616A99527A4B6F700DAA827 = {
						CreatedOnToolsVersion = 12.4;
						TestTargetID = D616A97427A4B6F600DAA827;
					};
				};
			};
			buildConfigurationList = D616A97027A4B6F600DAA827 /* Build configuration list for PBXProject "WhichNumberIsBigger" */;
			compatibilityVersion = "Xcode 9.3";
			developmentRegion = en;
			hasScannedForEncodings = 0;
			knownRegions = (
				en,
				Base,
			);
			mainGroup = D616A96C27A4B6F600DAA827;
			productRefGroup = D616A97627A4B6F600DAA827 /* Products */;
			projectDirPath = "";
			projectRoot = "";
			targets = (
				D616A97427A4B6F600DAA827 /* WhichNumberIsBigger */,
				D616A98A27A4B6F700DAA827 /* WhichNumberIsBiggerTests */,
				D616A99527A4B6F700DAA827 /* WhichNumberIsBiggerUITests */,
			);
		};
/* End PBXProject section */

/* Begin PBXResourcesBuildPhase section */
		D616A97327A4B6F600DAA827 /* Resources */ = {
			isa = PBXResourcesBuildPhase;
			buildActionMask = 2147483647;
			files = (
				D616A98527A4B6F600DAA827 /* LaunchScreen.storyboard in Resources */,
				D616A98227A4B6F600DAA827 /* Assets.xcassets in Resources */,
				D616A98027A4B6F600DAA827 /* Main.storyboard in Resources */,
			);
			runOnlyForDeploymentPostprocessing = 0;
		};
		D616A98927A4B6F700DAA827 /* Resources */ = {
			isa = PBXResourcesBuildPhase;
			buildActionMask = 2147483647;
			files = (
			);
			runOnlyForDeploymentPostprocessing = 0;
		};
		D616A99427A4B6F700DAA827 /* Resources */ = {
			isa = PBXResourcesBuildPhase;
			buildActionMask = 2147483647;
			files = (
			);
			runOnlyForDeploymentPostprocessing = 0;
		};
/* End PBXResourcesBuildPhase section */

/* Begin PBXSourcesBuildPhase section */
		D616A97127A4B6F600DAA827 /* Sources */ = {
			isa = PBXSourcesBuildPhase;
			buildActionMask = 2147483647;
			files = (
				D616A97D27A4B6F600DAA827 /* ViewController.swift in Sources */,
				D616A97927A4B6F600DAA827 /* AppDelegate.swift in Sources */,
				D616A97B27A4B6F600DAA827 /* SceneDelegate.swift in Sources */,
			);
			runOnlyForDeploymentPostprocessing = 0;
		};
		D616A98727A4B6F700DAA827 /* Sources */ = {
			isa = PBXSourcesBuildPhase;
			buildActionMask = 2147483647;
			files = (
				D616A99027A4B6F700DAA827 /* WhichNumberIsBiggerTests.swift in Sources */,
			);
			runOnlyForDeploymentPostprocessing = 0;
		};
		D616A99227A4B6F700DAA827 /* Sources */ = {
			isa = PBXSourcesBuildPhase;
			buildActionMask = 2147483647;
			files = (
				D616A99B27A4B6F700DAA827 /* WhichNumberIsBiggerUITests.swift in Sources */,
			);
			runOnlyForDeploymentPostprocessing = 0;
		};
/* End PBXSourcesBuildPhase section */

/* Begin PBXTargetDependency section */
		D616A98D27A4B6F700DAA827 /* PBXTargetDependency */ = {
			isa = PBXTargetDependency;
			target = D616A97427A4B6F600DAA827 /* WhichNumberIsBigger */;
			targetProxy = D616A98C27A4B6F700DAA827 /* PBXContainerItemProxy */;
		};
		D616A99827A4B6F700DAA827 /* PBXTargetDependency */ = {
			isa = PBXTargetDependency;
			target = D616A97427A4B6F600DAA827 /* WhichNumberIsBigger */;
			targetProxy = D616A99727A4B6F700DAA827 /* PBXContainerItemProxy */;
		};
/* End PBXTargetDependency section */

/* Begin PBXVariantGroup section */
		D616A97E27A4B6F600DAA827 /* Main.storyboard */ = {
			isa = PBXVariantGroup;
			children = (
				D616A97F27A4B6F600DAA827 /* Base */,
			);
			name = Main.storyboard;
			sourceTree = "<group>";
		};
		D616A98327A4B6F600DAA827 /* LaunchScreen.storyboard */ = {
			isa = PBXVariantGroup;
			children = (
				D616A98427A4B6F600DAA827 /* Base */,
			);
			name = LaunchScreen.storyboard;
			sourceTree = "<group>";
		};
/* End PBXVariantGroup section */

/* Begin XCBuildConfiguration section */
		D616A99D27A4B6F700DAA827 /* Debug */ = {
			isa = XCBuildConfiguration;
			buildSettings = {
				ALWAYS_SEARCH_USER_PATHS = NO;
				CLANG_ANALYZER_NONNULL = YES;
				CLANG_ANALYZER_NUMBER_OBJECT_CONVERSION = YES_AGGRESSIVE;
				CLANG_CXX_LANGUAGE_STANDARD = "gnu++14";
				CLANG_CXX_LIBRARY = "libc++";
				CLANG_ENABLE_MODULES = YES;
				CLANG_ENABLE_OBJC_ARC = YES;
				CLANG_ENABLE_OBJC_WEAK = YES;
				CLANG_WARN_BLOCK_CAPTURE_AUTORELEASING = YES;
				CLANG_WARN_BOOL_CONVERSION = YES;
				CLANG_WARN_COMMA = YES;
				CLANG_WARN_CONSTANT_CONVERSION = YES;
				CLANG_WARN_DEPRECATED_OBJC_IMPLEMENTATIONS = YES;
				CLANG_WARN_DIRECT_OBJC_ISA_USAGE = YES_ERROR;
				CLANG_WARN_DOCUMENTATION_COMMENTS = YES;
				CLANG_WARN_EMPTY_BODY = YES;
				CLANG_WARN_ENUM_CONVERSION = YES;
				CLANG_WARN_INFINITE_RECURSION = YES;
				CLANG_WARN_INT_CONVERSION = YES;
				CLANG_WARN_NON_LITERAL_NULL_CONVERSION = YES;
				CLANG_WARN_OBJC_IMPLICIT_RETAIN_SELF = YES;
				CLANG_WARN_OBJC_LITERAL_CONVERSION = YES;
				CLANG_WARN_OBJC_ROOT_CLASS = YES_ERROR;
				CLANG_WARN_QUOTED_INCLUDE_IN_FRAMEWORK_HEADER = YES;
				CLANG_WARN_RANGE_LOOP_ANALYSIS = YES;
				CLANG_WARN_STRICT_PROTOTYPES = YES;
				CLANG_WARN_SUSPICIOUS_MOVE = YES;
				CLANG_WARN_UNGUARDED_AVAILABILITY = YES_AGGRESSIVE;
				CLANG_WARN_UNREACHABLE_CODE = YES;
				CLANG_WARN__DUPLICATE_METHOD_MATCH = YES;
				COPY_PHASE_STRIP = NO;
				DEBUG_INFORMATION_FORMAT = dwarf;
				ENABLE_STRICT_OBJC_MSGSEND = YES;
				ENABLE_TESTABILITY = YES;
				GCC_C_LANGUAGE_STANDARD = gnu11;
				GCC_DYNAMIC_NO_PIC = NO;
				GCC_NO_COMMON_BLOCKS = YES;
				GCC_OPTIMIZATION_LEVEL = 0;
				GCC_PREPROCESSOR_DEFINITIONS = (
					"DEBUG=1",
					"$(inherited)",
				);
				GCC_WARN_64_TO_32_BIT_CONVERSION = YES;
				GCC_WARN_ABOUT_RETURN_TYPE = YES_ERROR;
				GCC_WARN_UNDECLARED_SELECTOR = YES;
				GCC_WARN_UNINITIALIZED_AUTOS = YES_AGGRESSIVE;
				GCC_WARN_UNUSED_FUNCTION = YES;
				GCC_WARN_UNUSED_VARIABLE = YES;
				IPHONEOS_DEPLOYMENT_TARGET = 14.4;
				MTL_ENABLE_DEBUG_INFO = INCLUDE_SOURCE;
				MTL_FAST_MATH = YES;
				ONLY_ACTIVE_ARCH = YES;
				SDKROOT = iphoneos;
				SWIFT_ACTIVE_COMPILATION_CONDITIONS = DEBUG;
				SWIFT_OPTIMIZATION_LEVEL = "-Onone";
			};
			name = Debug;
		};
		D616A99E27A4B6F700DAA827 /* Release */ = {
			isa = XCBuildConfiguration;
			buildSettings = {
				ALWAYS_SEARCH_USER_PATHS = NO;
				CLANG_ANALYZER_NONNULL = YES;
				CLANG_ANALYZER_NUMBER_OBJECT_CONVERSION = YES_AGGRESSIVE;
				CLANG_CXX_LANGUAGE_STANDARD = "gnu++14";
				CLANG_CXX_LIBRARY = "libc++";
				CLANG_ENABLE_MODULES = YES;
				CLANG_ENABLE_OBJC_ARC = YES;
				CLANG_ENABLE_OBJC_WEAK = YES;
				CLANG_WARN_BLOCK_CAPTURE_AUTORELEASING = YES;
				CLANG_WARN_BOOL_CONVERSION = YES;
				CLANG_WARN_COMMA = YES;
				CLANG_WARN_CONSTANT_CONVERSION = YES;
				CLANG_WARN_DEPRECATED_OBJC_IMPLEMENTATIONS = YES;
				CLANG_WARN_DIRECT_OBJC_ISA_USAGE = YES_ERROR;
				CLANG_WARN_DOCUMENTATION_COMMENTS = YES;
				CLANG_WARN_EMPTY_BODY = YES;
				CLANG_WARN_ENUM_CONVERSION = YES;
				CLANG_WARN_INFINITE_RECURSION = YES;
				CLANG_WARN_INT_CONVERSION = YES;
				CLANG_WARN_NON_LITERAL_NULL_CONVERSION = YES;
				CLANG_WARN_OBJC_IMPLICIT_RETAIN_SELF = YES;
				CLANG_WARN_OBJC_LITERAL_CONVERSION = YES;
				CLANG_WARN_OBJC_ROOT_CLASS = YES_ERROR;
				CLANG_WARN_QUOTED_INCLUDE_IN_FRAMEWORK_HEADER = YES;
				CLANG_WARN_RANGE_LOOP_ANALYSIS = YES;
				CLANG_WARN_STRICT_PROTOTYPES = YES;
				CLANG_WARN_SUSPICIOUS_MOVE = YES;
				CLANG_WARN_UNGUARDED_AVAILABILITY = YES_AGGRESSIVE;
				CLANG_WARN_UNREACHABLE_CODE = YES;
				CLANG_WARN__DUPLICATE_METHOD_MATCH = YES;
				COPY_PHASE_STRIP = NO;
				DEBUG_INFORMATION_FORMAT = "dwarf-with-dsym";
				ENABLE_NS_ASSERTIONS = NO;
				ENABLE_STRICT_OBJC_MSGSEND = YES;
				GCC_C_LANGUAGE_STANDARD = gnu11;
				GCC_NO_COMMON_BLOCKS = YES;
				GCC_WARN_64_TO_32_BIT_CONVERSION = YES;
				GCC_WARN_ABOUT_RETURN_TYPE = YES_ERROR;
				GCC_WARN_UNDECLARED_SELECTOR = YES;
				GCC_WARN_UNINITIALIZED_AUTOS = YES_AGGRESSIVE;
				GCC_WARN_UNUSED_FUNCTION = YES;
				GCC_WARN_UNUSED_VARIABLE = YES;
				IPHONEOS_DEPLOYMENT_TARGET = 14.4;
				MTL_ENABLE_DEBUG_INFO = NO;
				MTL_FAST_MATH = YES;
				SDKROOT = iphoneos;
				SWIFT_COMPILATION_MODE = wholemodule;
				SWIFT_OPTIMIZATION_LEVEL = "-O";
				VALIDATE_PRODUCT = YES;
			};
			name = Release;
		};
		D616A9A027A4B6F700DAA827 /* Debug */ = {
			isa = XCBuildConfiguration;
			buildSettings = {
				ASSETCATALOG_COMPILER_APPICON_NAME = AppIcon;
				ASSETCATALOG_COMPILER_GLOBAL_ACCENT_COLOR_NAME = AccentColor;
				CODE_SIGN_STYLE = Automatic;
				INFOPLIST_FILE = WhichNumberIsBigger/Info.plist;
				LD_RUNPATH_SEARCH_PATHS = (
					"$(inherited)",
					"@executable_path/Frameworks",
				);
				PRODUCT_BUNDLE_IDENTIFIER = com.yanju.WhichNumberIsBigger;
				PRODUCT_NAME = "$(TARGET_NAME)";
				SWIFT_VERSION = 5.0;
				TARGETED_DEVICE_FAMILY = "1,2";
			};
			name = Debug;
		};
		D616A9A127A4B6F700DAA827 /* Release */ = {
			isa = XCBuildConfiguration;
			buildSettings = {
				ASSETCATALOG_COMPILER_APPICON_NAME = AppIcon;
				ASSETCATALOG_COMPILER_GLOBAL_ACCENT_COLOR_NAME = AccentColor;
				CODE_SIGN_STYLE = Automatic;
				INFOPLIST_FILE = WhichNumberIsBigger/Info.plist;
				LD_RUNPATH_SEARCH_PATHS = (
					"$(inherited)",
					"@executable_path/Frameworks",
				);
				PRODUCT_BUNDLE_IDENTIFIER = com.yanju.WhichNumberIsBigger;
				PRODUCT_NAME = "$(TARGET_NAME)";
				SWIFT_VERSION = 5.0;
				TARGETED_DEVICE_FAMILY = "1,2";
			};
			name = Release;
		};
		D616A9A327A4B6F700DAA827 /* Debug */ = {
			isa = XCBuildConfiguration;
			buildSettings = {
				ALWAYS_EMBED_SWIFT_STANDARD_LIBRARIES = YES;
				BUNDLE_LOADER = "$(TEST_HOST)";
				CODE_SIGN_STYLE = Automatic;
				INFOPLIST_FILE = WhichNumberIsBiggerTests/Info.plist;
				IPHONEOS_DEPLOYMENT_TARGET = 14.4;
				LD_RUNPATH_SEARCH_PATHS = (
					"$(inherited)",
					"@executable_path/Frameworks",
					"@loader_path/Frameworks",
				);
				PRODUCT_BUNDLE_IDENTIFIER = com.yanju.WhichNumberIsBiggerTests;
				PRODUCT_NAME = "$(TARGET_NAME)";
				SWIFT_VERSION = 5.0;
				TARGETED_DEVICE_FAMILY = "1,2";
				TEST_HOST = "$(BUILT_PRODUCTS_DIR)/WhichNumberIsBigger.app/WhichNumberIsBigger";
			};
			name = Debug;
		};
		D616A9A427A4B6F700DAA827 /* Release */ = {
			isa = XCBuildConfiguration;
			buildSettings = {
				ALWAYS_EMBED_SWIFT_STANDARD_LIBRARIES = YES;
				BUNDLE_LOADER = "$(TEST_HOST)";
				CODE_SIGN_STYLE = Automatic;
				INFOPLIST_FILE = WhichNumberIsBiggerTests/Info.plist;
				IPHONEOS_DEPLOYMENT_TARGET = 14.4;
				LD_RUNPATH_SEARCH_PATHS = (
					"$(inherited)",
					"@executable_path/Frameworks",
					"@loader_path/Frameworks",
				);
				PRODUCT_BUNDLE_IDENTIFIER = com.yanju.WhichNumberIsBiggerTests;
				PRODUCT_NAME = "$(TARGET_NAME)";
				SWIFT_VERSION = 5.0;
				TARGETED_DEVICE_FAMILY = "1,2";
				TEST_HOST = "$(BUILT_PRODUCTS_DIR)/WhichNumberIsBigger.app/WhichNumberIsBigger";
			};
			name = Release;
		};
		D616A9A627A4B6F700DAA827 /* Debug */ = {
			isa = XCBuildConfiguration;
			buildSettings = {
				ALWAYS_EMBED_SWIFT_STANDARD_LIBRARIES = YES;
				CODE_SIGN_STYLE = Automatic;
				INFOPLIST_FILE = WhichNumberIsBiggerUITests/Info.plist;
				LD_RUNPATH_SEARCH_PATHS = (
					"$(inherited)",
					"@executable_path/Frameworks",
					"@loader_path/Frameworks",
				);
				PRODUCT_BUNDLE_IDENTIFIER = com.yanju.WhichNumberIsBiggerUITests;
				PRODUCT_NAME = "$(TARGET_NAME)";
				SWIFT_VERSION = 5.0;
				TARGETED_DEVICE_FAMILY = "1,2";
				TEST_TARGET_NAME = WhichNumberIsBigger;
			};
			name = Debug;
		};
		D616A9A727A4B6F700DAA827 /* Release */ = {
			isa = XCBuildConfiguration;
			buildSettings = {
				ALWAYS_EMBED_SWIFT_STANDARD_LIBRARIES = YES;
				CODE_SIGN_STYLE = Automatic;
				INFOPLIST_FILE = WhichNumberIsBiggerUITests/Info.plist;
				LD_RUNPATH_SEARCH_PATHS = (
					"$(inherited)",
					"@executable_path/Frameworks",
					"@loader_path/Frameworks",
				);
				PRODUCT_BUNDLE_IDENTIFIER = com.yanju.WhichNumberIsBiggerUITests;
				PRODUCT_NAME = "$(TARGET_NAME)";
				SWIFT_VERSION = 5.0;
				TARGETED_DEVICE_FAMILY = "1,2";
				TEST_TARGET_NAME = WhichNumberIsBigger;
			};
			name = Release;
		};
/* End XCBuildConfiguration section */

/* Begin XCConfigurationList section */
		D616A97027A4B6F600DAA827 /* Build configuration list for PBXProject "WhichNumberIsBigger" */ = {
			isa = XCConfigurationList;
			buildConfigurations = (
				D616A99D27A4B6F700DAA827 /* Debug */,
				D616A99E27A4B6F700DAA827 /* Release */,
			);
			defaultConfigurationIsVisible = 0;
			defaultConfigurationName = Release;
		};
		D616A99F27A4B6F700DAA827 /* Build configuration list for PBXNativeTarget "WhichNumberIsBigger" */ = {
			isa = XCConfigurationList;
			buildConfigurations = (
				D616A9A027A4B6F700DAA827 /* Debug */,
				D616A9A127A4B6F700DAA827 /* Release */,
			);
			defaultConfigurationIsVisible = 0;
			defaultConfigurationName = Release;
		};
		D616A9A227A4B6F700DAA827 /* Build configuration list for PBXNativeTarget "WhichNumberIsBiggerTests" */ = {
			isa = XCConfigurationList;
			buildConfigurations = (
				D616A9A327A4B6F700DAA827 /* Debug */,
				D616A9A427A4B6F700DAA827 /* Release */,
			);
			defaultConfigurationIsVisible = 0;
			defaultConfigurationName = Release;
		};
		D616A9A527A4B6F700DAA827 /* Build configuration list for PBXNativeTarget "WhichNumberIsBiggerUITests" */ = {
			isa = XCConfigurationList;
			buildConfigurations = (
				D616A9A627A4B6F700DAA827 /* Debug */,
				D616A9A727A4B6F700DAA827 /* Release */,
			);
			defaultConfigurationIsVisible = 0;
			defaultConfigurationName = Release;
		};
/* End XCConfigurationList section */
	};
	rootObject = D616A96D27A4B6F600DAA827 /* Project object */;
}
