// !$*UTF8*$!
{
	archiveVersion = 1;
	classes = {
	};
	objectVersion = 50;
	objects = {

/* Begin PBXBuildFile section */
		D6CA612A27B3B31300A7067B /* AppDelegate.swift in Sources */ = {isa = PBXBuildFile; fileRef = D6CA612927B3B31300A7067B /* AppDelegate.swift */; };
		D6CA612C27B3B31300A7067B /* SceneDelegate.swift in Sources */ = {isa = PBXBuildFile; fileRef = D6CA612B27B3B31300A7067B /* SceneDelegate.swift */; };
		D6CA612E27B3B31300A7067B /* ViewController.swift in Sources */ = {isa = PBXBuildFile; fileRef = D6CA612D27B3B31300A7067B /* ViewController.swift */; };
		D6CA613127B3B31300A7067B /* Main.storyboard in Resources */ = {isa = PBXBuildFile; fileRef = D6CA612F27B3B31300A7067B /* Main.storyboard */; };
		D6CA613327B3B31400A7067B /* Assets.xcassets in Resources */ = {isa = PBXBuildFile; fileRef = D6CA613227B3B31400A7067B /* Assets.xcassets */; };
		D6CA613627B3B31400A7067B /* LaunchScreen.storyboard in Resources */ = {isa = PBXBuildFile; fileRef = D6CA613427B3B31400A7067B /* LaunchScreen.storyboard */; };
		D6CA614127B3B31400A7067B /* naver_webtoonTests.swift in Sources */ = {isa = PBXBuildFile; fileRef = D6CA614027B3B31400A7067B /* naver_webtoonTests.swift */; };
		D6CA614C27B3B31400A7067B /* naver_webtoonUITests.swift in Sources */ = {isa = PBXBuildFile; fileRef = D6CA614B27B3B31400A7067B /* naver_webtoonUITests.swift */; };
		D6CA615D27B3BC1100A7067B /* search.png in Resources */ = {isa = PBXBuildFile; fileRef = D6CA615C27B3BC1100A7067B /* search.png */; };
		D6CA616627B3EFA600A7067B /* best 9.47.53.png in Resources */ = {isa = PBXBuildFile; fileRef = D6CA616127B3EFA500A7067B /* best 9.47.53.png */; };
		D6CA616727B3EFA600A7067B /* webtoon 9.47.39.png in Resources */ = {isa = PBXBuildFile; fileRef = D6CA616227B3EFA500A7067B /* webtoon 9.47.39.png */; };
		D6CA616827B3EFA600A7067B /* recommand 9.47.47.png in Resources */ = {isa = PBXBuildFile; fileRef = D6CA616327B3EFA600A7067B /* recommand 9.47.47.png */; };
		D6CA616927B3EFA600A7067B /* my-select 9.47.57.png in Resources */ = {isa = PBXBuildFile; fileRef = D6CA616427B3EFA600A7067B /* my-select 9.47.57.png */; };
		D6CA616A27B3EFA600A7067B /* etc 9.48.02.png in Resources */ = {isa = PBXBuildFile; fileRef = D6CA616527B3EFA600A7067B /* etc 9.48.02.png */; };
		D6CA617427B3F25E00A7067B /* webtoon3 8.27.07.png in Resources */ = {isa = PBXBuildFile; fileRef = D6CA617127B3F25E00A7067B /* webtoon3 8.27.07.png */; };
		D6CA617527B3F25E00A7067B /* webtoon1 8.26.54.png in Resources */ = {isa = PBXBuildFile; fileRef = D6CA617227B3F25E00A7067B /* webtoon1 8.26.54.png */; };
		D6CA617627B3F25E00A7067B /* webtoon2 8.27.01.png in Resources */ = {isa = PBXBuildFile; fileRef = D6CA617327B3F25E00A7067B /* webtoon2 8.27.01.png */; };
/* End PBXBuildFile section */

/* Begin PBXContainerItemProxy section */
		D6CA613D27B3B31400A7067B /* PBXContainerItemProxy */ = {
			isa = PBXContainerItemProxy;
			containerPortal = D6CA611E27B3B31300A7067B /* Project object */;
			proxyType = 1;
			remoteGlobalIDString = D6CA612527B3B31300A7067B;
			remoteInfo = "naver webtoon";
		};
		D6CA614827B3B31400A7067B /* PBXContainerItemProxy */ = {
			isa = PBXContainerItemProxy;
			containerPortal = D6CA611E27B3B31300A7067B /* Project object */;
			proxyType = 1;
			remoteGlobalIDString = D6CA612527B3B31300A7067B;
			remoteInfo = "naver webtoon";
		};
/* End PBXContainerItemProxy section */

/* Begin PBXFileReference section */
		D6CA612627B3B31300A7067B /* naver webtoon.app */ = {isa = PBXFileReference; explicitFileType = wrapper.application; includeInIndex = 0; path = "naver webtoon.app"; sourceTree = BUILT_PRODUCTS_DIR; };
		D6CA612927B3B31300A7067B /* AppDelegate.swift */ = {isa = PBXFileReference; lastKnownFileType = sourcecode.swift; path = AppDelegate.swift; sourceTree = "<group>"; };
		D6CA612B27B3B31300A7067B /* SceneDelegate.swift */ = {isa = PBXFileReference; lastKnownFileType = sourcecode.swift; path = SceneDelegate.swift; sourceTree = "<group>"; };
		D6CA612D27B3B31300A7067B /* ViewController.swift */ = {isa = PBXFileReference; lastKnownFileType = sourcecode.swift; path = ViewController.swift; sourceTree = "<group>"; };
		D6CA613027B3B31300A7067B /* Base */ = {isa = PBXFileReference; lastKnownFileType = file.storyboard; name = Base; path = Base.lproj/Main.storyboard; sourceTree = "<group>"; };
		D6CA613227B3B31400A7067B /* Assets.xcassets */ = {isa = PBXFileReference; lastKnownFileType = folder.assetcatalog; path = Assets.xcassets; sourceTree = "<group>"; };
		D6CA613527B3B31400A7067B /* Base */ = {isa = PBXFileReference; lastKnownFileType = file.storyboard; name = Base; path = Base.lproj/LaunchScreen.storyboard; sourceTree = "<group>"; };
		D6CA613727B3B31400A7067B /* Info.plist */ = {isa = PBXFileReference; lastKnownFileType = text.plist.xml; path = Info.plist; sourceTree = "<group>"; };
		D6CA613C27B3B31400A7067B /* naver webtoonTests.xctest */ = {isa = PBXFileReference; explicitFileType = wrapper.cfbundle; includeInIndex = 0; path = "naver webtoonTests.xctest"; sourceTree = BUILT_PRODUCTS_DIR; };
		D6CA614027B3B31400A7067B /* naver_webtoonTests.swift */ = {isa = PBXFileReference; lastKnownFileType = sourcecode.swift; path = naver_webtoonTests.swift; sourceTree = "<group>"; };
		D6CA614227B3B31400A7067B /* Info.plist */ = {isa = PBXFileReference; lastKnownFileType = text.plist.xml; path = Info.plist; sourceTree = "<group>"; };
		D6CA614727B3B31400A7067B /* naver webtoonUITests.xctest */ = {isa = PBXFileReference; explicitFileType = wrapper.cfbundle; includeInIndex = 0; path = "naver webtoonUITests.xctest"; sourceTree = BUILT_PRODUCTS_DIR; };
		D6CA614B27B3B31400A7067B /* naver_webtoonUITests.swift */ = {isa = PBXFileReference; lastKnownFileType = sourcecode.swift; path = naver_webtoonUITests.swift; sourceTree = "<group>"; };
		D6CA614D27B3B31400A7067B /* Info.plist */ = {isa = PBXFileReference; lastKnownFileType = text.plist.xml; path = Info.plist; sourceTree = "<group>"; };
		D6CA615C27B3BC1100A7067B /* search.png */ = {isa = PBXFileReference; lastKnownFileType = image.png; path = search.png; sourceTree = "<group>"; };
		D6CA616127B3EFA500A7067B /* best 9.47.53.png */ = {isa = PBXFileReference; lastKnownFileType = image.png; path = "best 9.47.53.png"; sourceTree = "<group>"; };
		D6CA616227B3EFA500A7067B /* webtoon 9.47.39.png */ = {isa = PBXFileReference; lastKnownFileType = image.png; path = "webtoon 9.47.39.png"; sourceTree = "<group>"; };
		D6CA616327B3EFA600A7067B /* recommand 9.47.47.png */ = {isa = PBXFileReference; lastKnownFileType = image.png; path = "recommand 9.47.47.png"; sourceTree = "<group>"; };
		D6CA616427B3EFA600A7067B /* my-select 9.47.57.png */ = {isa = PBXFileReference; lastKnownFileType = image.png; path = "my-select 9.47.57.png"; sourceTree = "<group>"; };
		D6CA616527B3EFA600A7067B /* etc 9.48.02.png */ = {isa = PBXFileReference; lastKnownFileType = image.png; path = "etc 9.48.02.png"; sourceTree = "<group>"; };
		D6CA617127B3F25E00A7067B /* webtoon3 8.27.07.png */ = {isa = PBXFileReference; lastKnownFileType = image.png; path = "webtoon3 8.27.07.png"; sourceTree = "<group>"; };
		D6CA617227B3F25E00A7067B /* webtoon1 8.26.54.png */ = {isa = PBXFileReference; lastKnownFileType = image.png; path = "webtoon1 8.26.54.png"; sourceTree = "<group>"; };
		D6CA617327B3F25E00A7067B /* webtoon2 8.27.01.png */ = {isa = PBXFileReference; lastKnownFileType = image.png; path = "webtoon2 8.27.01.png"; sourceTree = "<group>"; };
/* End PBXFileReference section */

/* Begin PBXFrameworksBuildPhase section */
		D6CA612327B3B31300A7067B /* Frameworks */ = {
			isa = PBXFrameworksBuildPhase;
			buildActionMask = 2147483647;
			files = (
			);
			runOnlyForDeploymentPostprocessing = 0;
		};
		D6CA613927B3B31400A7067B /* Frameworks */ = {
			isa = PBXFrameworksBuildPhase;
			buildActionMask = 2147483647;
			files = (
			);
			runOnlyForDeploymentPostprocessing = 0;
		};
		D6CA614427B3B31400A7067B /* Frameworks */ = {
			isa = PBXFrameworksBuildPhase;
			buildActionMask = 2147483647;
			files = (
			);
			runOnlyForDeploymentPostprocessing = 0;
		};
/* End PBXFrameworksBuildPhase section */

/* Begin PBXGroup section */
		D6CA611D27B3B31300A7067B = {
			isa = PBXGroup;
			children = (
				D6CA612827B3B31300A7067B /* naver webtoon */,
				D6CA613F27B3B31400A7067B /* naver webtoonTests */,
				D6CA614A27B3B31400A7067B /* naver webtoonUITests */,
				D6CA612727B3B31300A7067B /* Products */,
			);
			sourceTree = "<group>";
		};
		D6CA612727B3B31300A7067B /* Products */ = {
			isa = PBXGroup;
			children = (
				D6CA612627B3B31300A7067B /* naver webtoon.app */,
				D6CA613C27B3B31400A7067B /* naver webtoonTests.xctest */,
				D6CA614727B3B31400A7067B /* naver webtoonUITests.xctest */,
			);
			name = Products;
			sourceTree = "<group>";
		};
		D6CA612827B3B31300A7067B /* naver webtoon */ = {
			isa = PBXGroup;
			children = (
				D6CA617227B3F25E00A7067B /* webtoon1 8.26.54.png */,
				D6CA617327B3F25E00A7067B /* webtoon2 8.27.01.png */,
				D6CA617127B3F25E00A7067B /* webtoon3 8.27.07.png */,
				D6CA616227B3EFA500A7067B /* webtoon 9.47.39.png */,
				D6CA616327B3EFA600A7067B /* recommand 9.47.47.png */,
				D6CA616127B3EFA500A7067B /* best 9.47.53.png */,
				D6CA616427B3EFA600A7067B /* my-select 9.47.57.png */,
				D6CA616527B3EFA600A7067B /* etc 9.48.02.png */,
				D6CA615C27B3BC1100A7067B /* search.png */,
				D6CA612927B3B31300A7067B /* AppDelegate.swift */,
				D6CA612B27B3B31300A7067B /* SceneDelegate.swift */,
				D6CA612D27B3B31300A7067B /* ViewController.swift */,
				D6CA612F27B3B31300A7067B /* Main.storyboard */,
				D6CA613227B3B31400A7067B /* Assets.xcassets */,
				D6CA613427B3B31400A7067B /* LaunchScreen.storyboard */,
				D6CA613727B3B31400A7067B /* Info.plist */,
			);
			path = "naver webtoon";
			sourceTree = "<group>";
		};
		D6CA613F27B3B31400A7067B /* naver webtoonTests */ = {
			isa = PBXGroup;
			children = (
				D6CA614027B3B31400A7067B /* naver_webtoonTests.swift */,
				D6CA614227B3B31400A7067B /* Info.plist */,
			);
			path = "naver webtoonTests";
			sourceTree = "<group>";
		};
		D6CA614A27B3B31400A7067B /* naver webtoonUITests */ = {
			isa = PBXGroup;
			children = (
				D6CA614B27B3B31400A7067B /* naver_webtoonUITests.swift */,
				D6CA614D27B3B31400A7067B /* Info.plist */,
			);
			path = "naver webtoonUITests";
			sourceTree = "<group>";
		};
/* End PBXGroup section */

/* Begin PBXNativeTarget section */
		D6CA612527B3B31300A7067B /* naver webtoon */ = {
			isa = PBXNativeTarget;
			buildConfigurationList = D6CA615027B3B31400A7067B /* Build configuration list for PBXNativeTarget "naver webtoon" */;
			buildPhases = (
				D6CA612227B3B31300A7067B /* Sources */,
				D6CA612327B3B31300A7067B /* Frameworks */,
				D6CA612427B3B31300A7067B /* Resources */,
			);
			buildRules = (
			);
			dependencies = (
			);
			name = "naver webtoon";
			productName = "naver webtoon";
			productReference = D6CA612627B3B31300A7067B /* naver webtoon.app */;
			productType = "com.apple.product-type.application";
		};
		D6CA613B27B3B31400A7067B /* naver webtoonTests */ = {
			isa = PBXNativeTarget;
			buildConfigurationList = D6CA615327B3B31400A7067B /* Build configuration list for PBXNativeTarget "naver webtoonTests" */;
			buildPhases = (
				D6CA613827B3B31400A7067B /* Sources */,
				D6CA613927B3B31400A7067B /* Frameworks */,
				D6CA613A27B3B31400A7067B /* Resources */,
			);
			buildRules = (
			);
			dependencies = (
				D6CA613E27B3B31400A7067B /* PBXTargetDependency */,
			);
			name = "naver webtoonTests";
			productName = "naver webtoonTests";
			productReference = D6CA613C27B3B31400A7067B /* naver webtoonTests.xctest */;
			productType = "com.apple.product-type.bundle.unit-test";
		};
		D6CA614627B3B31400A7067B /* naver webtoonUITests */ = {
			isa = PBXNativeTarget;
			buildConfigurationList = D6CA615627B3B31400A7067B /* Build configuration list for PBXNativeTarget "naver webtoonUITests" */;
			buildPhases = (
				D6CA614327B3B31400A7067B /* Sources */,
				D6CA614427B3B31400A7067B /* Frameworks */,
				D6CA614527B3B31400A7067B /* Resources */,
			);
			buildRules = (
			);
			dependencies = (
				D6CA614927B3B31400A7067B /* PBXTargetDependency */,
			);
			name = "naver webtoonUITests";
			productName = "naver webtoonUITests";
			productReference = D6CA614727B3B31400A7067B /* naver webtoonUITests.xctest */;
			productType = "com.apple.product-type.bundle.ui-testing";
		};
/* End PBXNativeTarget section */

/* Begin PBXProject section */
		D6CA611E27B3B31300A7067B /* Project object */ = {
			isa = PBXProject;
			attributes = {
				LastSwiftUpdateCheck = 1240;
				LastUpgradeCheck = 1240;
				TargetAttributes = {
					D6CA612527B3B31300A7067B = {
						CreatedOnToolsVersion = 12.4;
					};
					D6CA613B27B3B31400A7067B = {
						CreatedOnToolsVersion = 12.4;
						TestTargetID = D6CA612527B3B31300A7067B;
					};
					D6CA614627B3B31400A7067B = {
						CreatedOnToolsVersion = 12.4;
						TestTargetID = D6CA612527B3B31300A7067B;
					};
				};
			};
			buildConfigurationList = D6CA612127B3B31300A7067B /* Build configuration list for PBXProject "naver webtoon" */;
			compatibilityVersion = "Xcode 9.3";
			developmentRegion = en;
			hasScannedForEncodings = 0;
			knownRegions = (
				en,
				Base,
			);
			mainGroup = D6CA611D27B3B31300A7067B;
			productRefGroup = D6CA612727B3B31300A7067B /* Products */;
			projectDirPath = "";
			projectRoot = "";
			targets = (
				D6CA612527B3B31300A7067B /* naver webtoon */,
				D6CA613B27B3B31400A7067B /* naver webtoonTests */,
				D6CA614627B3B31400A7067B /* naver webtoonUITests */,
			);
		};
/* End PBXProject section */

/* Begin PBXResourcesBuildPhase section */
		D6CA612427B3B31300A7067B /* Resources */ = {
			isa = PBXResourcesBuildPhase;
			buildActionMask = 2147483647;
			files = (
				D6CA613627B3B31400A7067B /* LaunchScreen.storyboard in Resources */,
				D6CA617527B3F25E00A7067B /* webtoon1 8.26.54.png in Resources */,
				D6CA616A27B3EFA600A7067B /* etc 9.48.02.png in Resources */,
				D6CA617627B3F25E00A7067B /* webtoon2 8.27.01.png in Resources */,
				D6CA616627B3EFA600A7067B /* best 9.47.53.png in Resources */,
				D6CA613327B3B31400A7067B /* Assets.xcassets in Resources */,
				D6CA616827B3EFA600A7067B /* recommand 9.47.47.png in Resources */,
				D6CA616727B3EFA600A7067B /* webtoon 9.47.39.png in Resources */,
				D6CA616927B3EFA600A7067B /* my-select 9.47.57.png in Resources */,
				D6CA613127B3B31300A7067B /* Main.storyboard in Resources */,
				D6CA615D27B3BC1100A7067B /* search.png in Resources */,
				D6CA617427B3F25E00A7067B /* webtoon3 8.27.07.png in Resources */,
			);
			runOnlyForDeploymentPostprocessing = 0;
		};
		D6CA613A27B3B31400A7067B /* Resources */ = {
			isa = PBXResourcesBuildPhase;
			buildActionMask = 2147483647;
			files = (
			);
			runOnlyForDeploymentPostprocessing = 0;
		};
		D6CA614527B3B31400A7067B /* Resources */ = {
			isa = PBXResourcesBuildPhase;
			buildActionMask = 2147483647;
			files = (
			);
			runOnlyForDeploymentPostprocessing = 0;
		};
/* End PBXResourcesBuildPhase section */

/* Begin PBXSourcesBuildPhase section */
		D6CA612227B3B31300A7067B /* Sources */ = {
			isa = PBXSourcesBuildPhase;
			buildActionMask = 2147483647;
			files = (
				D6CA612E27B3B31300A7067B /* ViewController.swift in Sources */,
				D6CA612A27B3B31300A7067B /* AppDelegate.swift in Sources */,
				D6CA612C27B3B31300A7067B /* SceneDelegate.swift in Sources */,
			);
			runOnlyForDeploymentPostprocessing = 0;
		};
		D6CA613827B3B31400A7067B /* Sources */ = {
			isa = PBXSourcesBuildPhase;
			buildActionMask = 2147483647;
			files = (
				D6CA614127B3B31400A7067B /* naver_webtoonTests.swift in Sources */,
			);
			runOnlyForDeploymentPostprocessing = 0;
		};
		D6CA614327B3B31400A7067B /* Sources */ = {
			isa = PBXSourcesBuildPhase;
			buildActionMask = 2147483647;
			files = (
				D6CA614C27B3B31400A7067B /* naver_webtoonUITests.swift in Sources */,
			);
			runOnlyForDeploymentPostprocessing = 0;
		};
/* End PBXSourcesBuildPhase section */

/* Begin PBXTargetDependency section */
		D6CA613E27B3B31400A7067B /* PBXTargetDependency */ = {
			isa = PBXTargetDependency;
			target = D6CA612527B3B31300A7067B /* naver webtoon */;
			targetProxy = D6CA613D27B3B31400A7067B /* PBXContainerItemProxy */;
		};
		D6CA614927B3B31400A7067B /* PBXTargetDependency */ = {
			isa = PBXTargetDependency;
			target = D6CA612527B3B31300A7067B /* naver webtoon */;
			targetProxy = D6CA614827B3B31400A7067B /* PBXContainerItemProxy */;
		};
/* End PBXTargetDependency section */

/* Begin PBXVariantGroup section */
		D6CA612F27B3B31300A7067B /* Main.storyboard */ = {
			isa = PBXVariantGroup;
			children = (
				D6CA613027B3B31300A7067B /* Base */,
			);
			name = Main.storyboard;
			sourceTree = "<group>";
		};
		D6CA613427B3B31400A7067B /* LaunchScreen.storyboard */ = {
			isa = PBXVariantGroup;
			children = (
				D6CA613527B3B31400A7067B /* Base */,
			);
			name = LaunchScreen.storyboard;
			sourceTree = "<group>";
		};
/* End PBXVariantGroup section */

/* Begin XCBuildConfiguration section */
		D6CA614E27B3B31400A7067B /* Debug */ = {
			isa = XCBuildConfiguration;
			buildSettings = {
				ALWAYS_SEARCH_USER_PATHS = NO;
				CLANG_ANALYZER_NONNULL = YES;
				CLANG_ANALYZER_NUMBER_OBJECT_CONVERSION = YES_AGGRESSIVE;
				CLANG_CXX_LANGUAGE_STANDARD = "gnu++14";
				CLANG_CXX_LIBRARY = "libc++";
				CLANG_ENABLE_MODULES = YES;
				CLANG_ENABLE_OBJC_ARC = YES;
				CLANG_ENABLE_OBJC_WEAK = YES;
				CLANG_WARN_BLOCK_CAPTURE_AUTORELEASING = YES;
				CLANG_WARN_BOOL_CONVERSION = YES;
				CLANG_WARN_COMMA = YES;
				CLANG_WARN_CONSTANT_CONVERSION = YES;
				CLANG_WARN_DEPRECATED_OBJC_IMPLEMENTATIONS = YES;
				CLANG_WARN_DIRECT_OBJC_ISA_USAGE = YES_ERROR;
				CLANG_WARN_DOCUMENTATION_COMMENTS = YES;
				CLANG_WARN_EMPTY_BODY = YES;
				CLANG_WARN_ENUM_CONVERSION = YES;
				CLANG_WARN_INFINITE_RECURSION = YES;
				CLANG_WARN_INT_CONVERSION = YES;
				CLANG_WARN_NON_LITERAL_NULL_CONVERSION = YES;
				CLANG_WARN_OBJC_IMPLICIT_RETAIN_SELF = YES;
				CLANG_WARN_OBJC_LITERAL_CONVERSION = YES;
				CLANG_WARN_OBJC_ROOT_CLASS = YES_ERROR;
				CLANG_WARN_QUOTED_INCLUDE_IN_FRAMEWORK_HEADER = YES;
				CLANG_WARN_RANGE_LOOP_ANALYSIS = YES;
				CLANG_WARN_STRICT_PROTOTYPES = YES;
				CLANG_WARN_SUSPICIOUS_MOVE = YES;
				CLANG_WARN_UNGUARDED_AVAILABILITY = YES_AGGRESSIVE;
				CLANG_WARN_UNREACHABLE_CODE = YES;
				CLANG_WARN__DUPLICATE_METHOD_MATCH = YES;
				COPY_PHASE_STRIP = NO;
				DEBUG_INFORMATION_FORMAT = dwarf;
				ENABLE_STRICT_OBJC_MSGSEND = YES;
				ENABLE_TESTABILITY = YES;
				GCC_C_LANGUAGE_STANDARD = gnu11;
				GCC_DYNAMIC_NO_PIC = NO;
				GCC_NO_COMMON_BLOCKS = YES;
				GCC_OPTIMIZATION_LEVEL = 0;
				GCC_PREPROCESSOR_DEFINITIONS = (
					"DEBUG=1",
					"$(inherited)",
				);
				GCC_WARN_64_TO_32_BIT_CONVERSION = YES;
				GCC_WARN_ABOUT_RETURN_TYPE = YES_ERROR;
				GCC_WARN_UNDECLARED_SELECTOR = YES;
				GCC_WARN_UNINITIALIZED_AUTOS = YES_AGGRESSIVE;
				GCC_WARN_UNUSED_FUNCTION = YES;
				GCC_WARN_UNUSED_VARIABLE = YES;
				IPHONEOS_DEPLOYMENT_TARGET = 14.4;
				MTL_ENABLE_DEBUG_INFO = INCLUDE_SOURCE;
				MTL_FAST_MATH = YES;
				ONLY_ACTIVE_ARCH = YES;
				SDKROOT = iphoneos;
				SWIFT_ACTIVE_COMPILATION_CONDITIONS = DEBUG;
				SWIFT_OPTIMIZATION_LEVEL = "-Onone";
			};
			name = Debug;
		};
		D6CA614F27B3B31400A7067B /* Release */ = {
			isa = XCBuildConfiguration;
			buildSettings = {
				ALWAYS_SEARCH_USER_PATHS = NO;
				CLANG_ANALYZER_NONNULL = YES;
				CLANG_ANALYZER_NUMBER_OBJECT_CONVERSION = YES_AGGRESSIVE;
				CLANG_CXX_LANGUAGE_STANDARD = "gnu++14";
				CLANG_CXX_LIBRARY = "libc++";
				CLANG_ENABLE_MODULES = YES;
				CLANG_ENABLE_OBJC_ARC = YES;
				CLANG_ENABLE_OBJC_WEAK = YES;
				CLANG_WARN_BLOCK_CAPTURE_AUTORELEASING = YES;
				CLANG_WARN_BOOL_CONVERSION = YES;
				CLANG_WARN_COMMA = YES;
				CLANG_WARN_CONSTANT_CONVERSION = YES;
				CLANG_WARN_DEPRECATED_OBJC_IMPLEMENTATIONS = YES;
				CLANG_WARN_DIRECT_OBJC_ISA_USAGE = YES_ERROR;
				CLANG_WARN_DOCUMENTATION_COMMENTS = YES;
				CLANG_WARN_EMPTY_BODY = YES;
				CLANG_WARN_ENUM_CONVERSION = YES;
				CLANG_WARN_INFINITE_RECURSION = YES;
				CLANG_WARN_INT_CONVERSION = YES;
				CLANG_WARN_NON_LITERAL_NULL_CONVERSION = YES;
				CLANG_WARN_OBJC_IMPLICIT_RETAIN_SELF = YES;
				CLANG_WARN_OBJC_LITERAL_CONVERSION = YES;
				CLANG_WARN_OBJC_ROOT_CLASS = YES_ERROR;
				CLANG_WARN_QUOTED_INCLUDE_IN_FRAMEWORK_HEADER = YES;
				CLANG_WARN_RANGE_LOOP_ANALYSIS = YES;
				CLANG_WARN_STRICT_PROTOTYPES = YES;
				CLANG_WARN_SUSPICIOUS_MOVE = YES;
				CLANG_WARN_UNGUARDED_AVAILABILITY = YES_AGGRESSIVE;
				CLANG_WARN_UNREACHABLE_CODE = YES;
				CLANG_WARN__DUPLICATE_METHOD_MATCH = YES;
				COPY_PHASE_STRIP = NO;
				DEBUG_INFORMATION_FORMAT = "dwarf-with-dsym";
				ENABLE_NS_ASSERTIONS = NO;
				ENABLE_STRICT_OBJC_MSGSEND = YES;
				GCC_C_LANGUAGE_STANDARD = gnu11;
				GCC_NO_COMMON_BLOCKS = YES;
				GCC_WARN_64_TO_32_BIT_CONVERSION = YES;
				GCC_WARN_ABOUT_RETURN_TYPE = YES_ERROR;
				GCC_WARN_UNDECLARED_SELECTOR = YES;
				GCC_WARN_UNINITIALIZED_AUTOS = YES_AGGRESSIVE;
				GCC_WARN_UNUSED_FUNCTION = YES;
				GCC_WARN_UNUSED_VARIABLE = YES;
				IPHONEOS_DEPLOYMENT_TARGET = 14.4;
				MTL_ENABLE_DEBUG_INFO = NO;
				MTL_FAST_MATH = YES;
				SDKROOT = iphoneos;
				SWIFT_COMPILATION_MODE = wholemodule;
				SWIFT_OPTIMIZATION_LEVEL = "-O";
				VALIDATE_PRODUCT = YES;
			};
			name = Release;
		};
		D6CA615127B3B31400A7067B /* Debug */ = {
			isa = XCBuildConfiguration;
			buildSettings = {
				ASSETCATALOG_COMPILER_APPICON_NAME = AppIcon;
				ASSETCATALOG_COMPILER_GLOBAL_ACCENT_COLOR_NAME = AccentColor;
				CODE_SIGN_STYLE = Automatic;
				INFOPLIST_FILE = "naver webtoon/Info.plist";
				LD_RUNPATH_SEARCH_PATHS = (
					"$(inherited)",
					"@executable_path/Frameworks",
				);
				PRODUCT_BUNDLE_IDENTIFIER = "com.yanju.naver-webtoon";
				PRODUCT_NAME = "$(TARGET_NAME)";
				SWIFT_VERSION = 5.0;
				TARGETED_DEVICE_FAMILY = "1,2";
			};
			name = Debug;
		};
		D6CA615227B3B31400A7067B /* Release */ = {
			isa = XCBuildConfiguration;
			buildSettings = {
				ASSETCATALOG_COMPILER_APPICON_NAME = AppIcon;
				ASSETCATALOG_COMPILER_GLOBAL_ACCENT_COLOR_NAME = AccentColor;
				CODE_SIGN_STYLE = Automatic;
				INFOPLIST_FILE = "naver webtoon/Info.plist";
				LD_RUNPATH_SEARCH_PATHS = (
					"$(inherited)",
					"@executable_path/Frameworks",
				);
				PRODUCT_BUNDLE_IDENTIFIER = "com.yanju.naver-webtoon";
				PRODUCT_NAME = "$(TARGET_NAME)";
				SWIFT_VERSION = 5.0;
				TARGETED_DEVICE_FAMILY = "1,2";
			};
			name = Release;
		};
		D6CA615427B3B31400A7067B /* Debug */ = {
			isa = XCBuildConfiguration;
			buildSettings = {
				ALWAYS_EMBED_SWIFT_STANDARD_LIBRARIES = YES;
				BUNDLE_LOADER = "$(TEST_HOST)";
				CODE_SIGN_STYLE = Automatic;
				INFOPLIST_FILE = "naver webtoonTests/Info.plist";
				IPHONEOS_DEPLOYMENT_TARGET = 14.4;
				LD_RUNPATH_SEARCH_PATHS = (
					"$(inherited)",
					"@executable_path/Frameworks",
					"@loader_path/Frameworks",
				);
				PRODUCT_BUNDLE_IDENTIFIER = "com.yanju.naver-webtoonTests";
				PRODUCT_NAME = "$(TARGET_NAME)";
				SWIFT_VERSION = 5.0;
				TARGETED_DEVICE_FAMILY = "1,2";
				TEST_HOST = "$(BUILT_PRODUCTS_DIR)/naver webtoon.app/naver webtoon";
			};
			name = Debug;
		};
		D6CA615527B3B31400A7067B /* Release */ = {
			isa = XCBuildConfiguration;
			buildSettings = {
				ALWAYS_EMBED_SWIFT_STANDARD_LIBRARIES = YES;
				BUNDLE_LOADER = "$(TEST_HOST)";
				CODE_SIGN_STYLE = Automatic;
				INFOPLIST_FILE = "naver webtoonTests/Info.plist";
				IPHONEOS_DEPLOYMENT_TARGET = 14.4;
				LD_RUNPATH_SEARCH_PATHS = (
					"$(inherited)",
					"@executable_path/Frameworks",
					"@loader_path/Frameworks",
				);
				PRODUCT_BUNDLE_IDENTIFIER = "com.yanju.naver-webtoonTests";
				PRODUCT_NAME = "$(TARGET_NAME)";
				SWIFT_VERSION = 5.0;
				TARGETED_DEVICE_FAMILY = "1,2";
				TEST_HOST = "$(BUILT_PRODUCTS_DIR)/naver webtoon.app/naver webtoon";
			};
			name = Release;
		};
		D6CA615727B3B31400A7067B /* Debug */ = {
			isa = XCBuildConfiguration;
			buildSettings = {
				ALWAYS_EMBED_SWIFT_STANDARD_LIBRARIES = YES;
				CODE_SIGN_STYLE = Automatic;
				INFOPLIST_FILE = "naver webtoonUITests/Info.plist";
				LD_RUNPATH_SEARCH_PATHS = (
					"$(inherited)",
					"@executable_path/Frameworks",
					"@loader_path/Frameworks",
				);
				PRODUCT_BUNDLE_IDENTIFIER = "com.yanju.naver-webtoonUITests";
				PRODUCT_NAME = "$(TARGET_NAME)";
				SWIFT_VERSION = 5.0;
				TARGETED_DEVICE_FAMILY = "1,2";
				TEST_TARGET_NAME = "naver webtoon";
			};
			name = Debug;
		};
		D6CA615827B3B31400A7067B /* Release */ = {
			isa = XCBuildConfiguration;
			buildSettings = {
				ALWAYS_EMBED_SWIFT_STANDARD_LIBRARIES = YES;
				CODE_SIGN_STYLE = Automatic;
				INFOPLIST_FILE = "naver webtoonUITests/Info.plist";
				LD_RUNPATH_SEARCH_PATHS = (
					"$(inherited)",
					"@executable_path/Frameworks",
					"@loader_path/Frameworks",
				);
				PRODUCT_BUNDLE_IDENTIFIER = "com.yanju.naver-webtoonUITests";
				PRODUCT_NAME = "$(TARGET_NAME)";
				SWIFT_VERSION = 5.0;
				TARGETED_DEVICE_FAMILY = "1,2";
				TEST_TARGET_NAME = "naver webtoon";
			};
			name = Release;
		};
/* End XCBuildConfiguration section */

/* Begin XCConfigurationList section */
		D6CA612127B3B31300A7067B /* Build configuration list for PBXProject "naver webtoon" */ = {
			isa = XCConfigurationList;
			buildConfigurations = (
				D6CA614E27B3B31400A7067B /* Debug */,
				D6CA614F27B3B31400A7067B /* Release */,
			);
			defaultConfigurationIsVisible = 0;
			defaultConfigurationName = Release;
		};
		D6CA615027B3B31400A7067B /* Build configuration list for PBXNativeTarget "naver webtoon" */ = {
			isa = XCConfigurationList;
			buildConfigurations = (
				D6CA615127B3B31400A7067B /* Debug */,
				D6CA615227B3B31400A7067B /* Release */,
			);
			defaultConfigurationIsVisible = 0;
			defaultConfigurationName = Release;
		};
		D6CA615327B3B31400A7067B /* Build configuration list for PBXNativeTarget "naver webtoonTests" */ = {
			isa = XCConfigurationList;
			buildConfigurations = (
				D6CA615427B3B31400A7067B /* Debug */,
				D6CA615527B3B31400A7067B /* Release */,
			);
			defaultConfigurationIsVisible = 0;
			defaultConfigurationName = Release;
		};
		D6CA615627B3B31400A7067B /* Build configuration list for PBXNativeTarget "naver webtoonUITests" */ = {
			isa = XCConfigurationList;
			buildConfigurations = (
				D6CA615727B3B31400A7067B /* Debug */,
				D6CA615827B3B31400A7067B /* Release */,
			);
			defaultConfigurationIsVisible = 0;
			defaultConfigurationName = Release;
		};
/* End XCConfigurationList section */
	};
	rootObject = D6CA611E27B3B31300A7067B /* Project object */;
}
